// !$*UTF8*$!
{
	archiveVersion = 1;
	classes = {
	};
	objectVersion = 46;
	objects = {

/* Begin PBXBuildFile section */
		05730C75583AFAA6B8584374 /* Pods_CashierAppTests.framework in Frameworks */ = {isa = PBXBuildFile; fileRef = 2055D2D41A6B48E97C205698 /* Pods_CashierAppTests.framework */; settings = {ATTRIBUTES = (Weak, ); }; };
		55119865E2701100D598ABD0 /* Pods_CashierApp.framework in Frameworks */ = {isa = PBXBuildFile; fileRef = 9CEC01DFD0D0AE0493C5FFBC /* Pods_CashierApp.framework */; settings = {ATTRIBUTES = (Weak, ); }; };
		AA1F10721BB8128900F869C0 /* HockeySDK.framework in Frameworks */ = {isa = PBXBuildFile; fileRef = AA1F10711BB8128900F869C0 /* HockeySDK.framework */; };
		AA3561F51B24647A00CDECB9 /* UIKit.framework in Frameworks */ = {isa = PBXBuildFile; fileRef = AA3561F41B24647A00CDECB9 /* UIKit.framework */; };
		AA3561F71B24648500CDECB9 /* Foundation.framework in Frameworks */ = {isa = PBXBuildFile; fileRef = AA3561F61B24648500CDECB9 /* Foundation.framework */; };
		AA53B3A31BB09E8500E831B4 /* ReceiptView.swift in Sources */ = {isa = PBXBuildFile; fileRef = AA53B3A21BB09E8500E831B4 /* ReceiptView.swift */; };
		AA6390241B300AC900782582 /* Images.xcassets in Resources */ = {isa = PBXBuildFile; fileRef = AA6390231B300AC900782582 /* Images.xcassets */; };
		AA63903F1B300AE400782582 /* AppDelegate.swift in Sources */ = {isa = PBXBuildFile; fileRef = AA6390251B300AE400782582 /* AppDelegate.swift */; };
		AA6390411B300AE400782582 /* Constants.swift in Sources */ = {isa = PBXBuildFile; fileRef = AA6390291B300AE400782582 /* Constants.swift */; };
		AA6390421B300AE400782582 /* BasketItem.swift in Sources */ = {isa = PBXBuildFile; fileRef = AA63902B1B300AE400782582 /* BasketItem.swift */; };
		AA6390431B300AE400782582 /* Checkin.swift in Sources */ = {isa = PBXBuildFile; fileRef = AA63902C1B300AE400782582 /* Checkin.swift */; };
		AA6390441B300AE400782582 /* Product.swift in Sources */ = {isa = PBXBuildFile; fileRef = AA63902D1B300AE400782582 /* Product.swift */; };
		AA6390451B300AE400782582 /* BasketProductCell.swift in Sources */ = {isa = PBXBuildFile; fileRef = AA63902F1B300AE400782582 /* BasketProductCell.swift */; };
		AA6390461B300AE400782582 /* BasketUserCell.swift in Sources */ = {isa = PBXBuildFile; fileRef = AA6390301B300AE400782582 /* BasketUserCell.swift */; };
		AA6390471B300AE400782582 /* CheckinCell.swift in Sources */ = {isa = PBXBuildFile; fileRef = AA6390311B300AE400782582 /* CheckinCell.swift */; };
		AA6390481B300AE400782582 /* InitializationView.swift in Sources */ = {isa = PBXBuildFile; fileRef = AA6390321B300AE400782582 /* InitializationView.swift */; };
		AA6390491B300AE400782582 /* InsertCodeView.swift in Sources */ = {isa = PBXBuildFile; fileRef = AA6390331B300AE400782582 /* InsertCodeView.swift */; };
		AA63904A1B300AE400782582 /* LogView.swift in Sources */ = {isa = PBXBuildFile; fileRef = AA6390341B300AE400782582 /* LogView.swift */; };
		AA63904B1B300AE400782582 /* ModifyPriceView.swift in Sources */ = {isa = PBXBuildFile; fileRef = AA6390351B300AE400782582 /* ModifyPriceView.swift */; };
		AA63904C1B300AE400782582 /* PaymentButton.swift in Sources */ = {isa = PBXBuildFile; fileRef = AA6390361B300AE400782582 /* PaymentButton.swift */; };
		AA63904D1B300AE400782582 /* ProductCategoryCell.swift in Sources */ = {isa = PBXBuildFile; fileRef = AA6390371B300AE400782582 /* ProductCategoryCell.swift */; };
		AA63904E1B300AE400782582 /* ProductCell.swift in Sources */ = {isa = PBXBuildFile; fileRef = AA6390381B300AE400782582 /* ProductCell.swift */; };
		AA63904F1B300AE400782582 /* ScanCardView.swift in Sources */ = {isa = PBXBuildFile; fileRef = AA6390391B300AE400782582 /* ScanCardView.swift */; };
		AA6390501B300AE400782582 /* SectionheaderView.swift in Sources */ = {isa = PBXBuildFile; fileRef = AA63903A1B300AE400782582 /* SectionheaderView.swift */; };
		AA6390511B300AE400782582 /* TransactionStatusView.swift in Sources */ = {isa = PBXBuildFile; fileRef = AA63903B1B300AE400782582 /* TransactionStatusView.swift */; };
		AA6390521B300AE400782582 /* MainViewController.swift in Sources */ = {isa = PBXBuildFile; fileRef = AA63903D1B300AE400782582 /* MainViewController.swift */; };
		AA6390531B300AE400782582 /* ScanViewController.swift in Sources */ = {isa = PBXBuildFile; fileRef = AA63903E1B300AE400782582 /* ScanViewController.swift */; };
		AA6390551B300FAA00782582 /* CoreGraphics.framework in Frameworks */ = {isa = PBXBuildFile; fileRef = AA6390541B300FAA00782582 /* CoreGraphics.framework */; };
		AA9A32001B075AD100CCF6B4 /* products.json in Resources */ = {isa = PBXBuildFile; fileRef = AA9A31FF1B075AD100CCF6B4 /* products.json */; };
		AA9DCD8A1B0738F20070022E /* CashierAppTests.swift in Sources */ = {isa = PBXBuildFile; fileRef = AA9DCD891B0738F20070022E /* CashierAppTests.swift */; };
		AAD49A701B3A94C100DDC734 /* AssetsLibrary.framework in Frameworks */ = {isa = PBXBuildFile; fileRef = AAD49A6F1B3A94C100DDC734 /* AssetsLibrary.framework */; };
		AAD49A721B3A94CC00DDC734 /* CoreText.framework in Frameworks */ = {isa = PBXBuildFile; fileRef = AAD49A711B3A94CC00DDC734 /* CoreText.framework */; };
		AAD49A741B3A94D700DDC734 /* MobileCoreServices.framework in Frameworks */ = {isa = PBXBuildFile; fileRef = AAD49A731B3A94D700DDC734 /* MobileCoreServices.framework */; };
		AAD49A761B3A94E000DDC734 /* QuartzCore.framework in Frameworks */ = {isa = PBXBuildFile; fileRef = AAD49A751B3A94E000DDC734 /* QuartzCore.framework */; };
		AAD49A781B3A94E800DDC734 /* QuickLook.framework in Frameworks */ = {isa = PBXBuildFile; fileRef = AAD49A771B3A94E800DDC734 /* QuickLook.framework */; };
		AAD49A7A1B3A94F000DDC734 /* Security.framework in Frameworks */ = {isa = PBXBuildFile; fileRef = AAD49A791B3A94F000DDC734 /* Security.framework */; };
		AAD49A7C1B3A94F700DDC734 /* SystemConfiguration.framework in Frameworks */ = {isa = PBXBuildFile; fileRef = AAD49A7B1B3A94F700DDC734 /* SystemConfiguration.framework */; };
/* End PBXBuildFile section */

/* Begin PBXContainerItemProxy section */
		AA9DCD841B0738F20070022E /* PBXContainerItemProxy */ = {
			isa = PBXContainerItemProxy;
			containerPortal = AA9DCD661B0738F20070022E /* Project object */;
			proxyType = 1;
			remoteGlobalIDString = AA9DCD6D1B0738F20070022E;
			remoteInfo = CashierApp;
		};
/* End PBXContainerItemProxy section */

/* Begin PBXFileReference section */
		2055D2D41A6B48E97C205698 /* Pods_CashierAppTests.framework */ = {isa = PBXFileReference; explicitFileType = wrapper.framework; includeInIndex = 0; path = Pods_CashierAppTests.framework; sourceTree = BUILT_PRODUCTS_DIR; };
		85BDFBE62AAACCE3DE19A59E /* Pods-CashierApp.release.xcconfig */ = {isa = PBXFileReference; includeInIndex = 1; lastKnownFileType = text.xcconfig; name = "Pods-CashierApp.release.xcconfig"; path = "Pods/Target Support Files/Pods-CashierApp/Pods-CashierApp.release.xcconfig"; sourceTree = "<group>"; };
		8B28CDF5AC7601FA64924830 /* Pods-CashierAppTests.release.xcconfig */ = {isa = PBXFileReference; includeInIndex = 1; lastKnownFileType = text.xcconfig; name = "Pods-CashierAppTests.release.xcconfig"; path = "Pods/Target Support Files/Pods-CashierAppTests/Pods-CashierAppTests.release.xcconfig"; sourceTree = "<group>"; };
		9CEC01DFD0D0AE0493C5FFBC /* Pods_CashierApp.framework */ = {isa = PBXFileReference; explicitFileType = wrapper.framework; includeInIndex = 0; path = Pods_CashierApp.framework; sourceTree = BUILT_PRODUCTS_DIR; };
		AA1F10711BB8128900F869C0 /* HockeySDK.framework */ = {isa = PBXFileReference; lastKnownFileType = wrapper.framework; name = HockeySDK.framework; path = "Pods/HockeySDK/HockeySDK-iOS/HockeySDK.embeddedframework/HockeySDK.framework"; sourceTree = "<group>"; };
		AA3561F41B24647A00CDECB9 /* UIKit.framework */ = {isa = PBXFileReference; lastKnownFileType = wrapper.framework; name = UIKit.framework; path = System/Library/Frameworks/UIKit.framework; sourceTree = SDKROOT; };
		AA3561F61B24648500CDECB9 /* Foundation.framework */ = {isa = PBXFileReference; lastKnownFileType = wrapper.framework; name = Foundation.framework; path = System/Library/Frameworks/Foundation.framework; sourceTree = SDKROOT; };
		AA3561F81B2464D800CDECB9 /* Pods_CashierApp.framework */ = {isa = PBXFileReference; lastKnownFileType = wrapper.framework; name = Pods_CashierApp.framework; path = "Pods/../build/Debug-iphoneos/Pods_CashierApp.framework"; sourceTree = "<group>"; };
		AA3561FA1B24662B00CDECB9 /* PrefixHeader.pch */ = {isa = PBXFileReference; lastKnownFileType = sourcecode.c.h; path = PrefixHeader.pch; sourceTree = "<group>"; };
		AA53B3A21BB09E8500E831B4 /* ReceiptView.swift */ = {isa = PBXFileReference; fileEncoding = 4; lastKnownFileType = sourcecode.swift; path = ReceiptView.swift; sourceTree = "<group>"; };
		AA5C77DC1B334E80004ECCF7 /* CashierApp-Bridging-Header.h */ = {isa = PBXFileReference; lastKnownFileType = sourcecode.c.h; path = "CashierApp-Bridging-Header.h"; sourceTree = "<group>"; };
		AA6390231B300AC900782582 /* Images.xcassets */ = {isa = PBXFileReference; lastKnownFileType = folder.assetcatalog; path = Images.xcassets; sourceTree = "<group>"; };
		AA6390251B300AE400782582 /* AppDelegate.swift */ = {isa = PBXFileReference; fileEncoding = 4; lastKnownFileType = sourcecode.swift; path = AppDelegate.swift; sourceTree = "<group>"; };
		AA6390291B300AE400782582 /* Constants.swift */ = {isa = PBXFileReference; fileEncoding = 4; lastKnownFileType = sourcecode.swift; path = Constants.swift; sourceTree = "<group>"; };
		AA63902B1B300AE400782582 /* BasketItem.swift */ = {isa = PBXFileReference; fileEncoding = 4; lastKnownFileType = sourcecode.swift; path = BasketItem.swift; sourceTree = "<group>"; };
		AA63902C1B300AE400782582 /* Checkin.swift */ = {isa = PBXFileReference; fileEncoding = 4; lastKnownFileType = sourcecode.swift; path = Checkin.swift; sourceTree = "<group>"; };
		AA63902D1B300AE400782582 /* Product.swift */ = {isa = PBXFileReference; fileEncoding = 4; lastKnownFileType = sourcecode.swift; path = Product.swift; sourceTree = "<group>"; };
		AA63902F1B300AE400782582 /* BasketProductCell.swift */ = {isa = PBXFileReference; fileEncoding = 4; lastKnownFileType = sourcecode.swift; path = BasketProductCell.swift; sourceTree = "<group>"; };
		AA6390301B300AE400782582 /* BasketUserCell.swift */ = {isa = PBXFileReference; fileEncoding = 4; lastKnownFileType = sourcecode.swift; path = BasketUserCell.swift; sourceTree = "<group>"; };
		AA6390311B300AE400782582 /* CheckinCell.swift */ = {isa = PBXFileReference; fileEncoding = 4; lastKnownFileType = sourcecode.swift; path = CheckinCell.swift; sourceTree = "<group>"; };
		AA6390321B300AE400782582 /* InitializationView.swift */ = {isa = PBXFileReference; fileEncoding = 4; lastKnownFileType = sourcecode.swift; path = InitializationView.swift; sourceTree = "<group>"; };
		AA6390331B300AE400782582 /* InsertCodeView.swift */ = {isa = PBXFileReference; fileEncoding = 4; lastKnownFileType = sourcecode.swift; path = InsertCodeView.swift; sourceTree = "<group>"; };
		AA6390341B300AE400782582 /* LogView.swift */ = {isa = PBXFileReference; fileEncoding = 4; lastKnownFileType = sourcecode.swift; path = LogView.swift; sourceTree = "<group>"; };
		AA6390351B300AE400782582 /* ModifyPriceView.swift */ = {isa = PBXFileReference; fileEncoding = 4; lastKnownFileType = sourcecode.swift; path = ModifyPriceView.swift; sourceTree = "<group>"; };
		AA6390361B300AE400782582 /* PaymentButton.swift */ = {isa = PBXFileReference; fileEncoding = 4; lastKnownFileType = sourcecode.swift; path = PaymentButton.swift; sourceTree = "<group>"; };
		AA6390371B300AE400782582 /* ProductCategoryCell.swift */ = {isa = PBXFileReference; fileEncoding = 4; lastKnownFileType = sourcecode.swift; path = ProductCategoryCell.swift; sourceTree = "<group>"; };
		AA6390381B300AE400782582 /* ProductCell.swift */ = {isa = PBXFileReference; fileEncoding = 4; lastKnownFileType = sourcecode.swift; path = ProductCell.swift; sourceTree = "<group>"; };
		AA6390391B300AE400782582 /* ScanCardView.swift */ = {isa = PBXFileReference; fileEncoding = 4; lastKnownFileType = sourcecode.swift; path = ScanCardView.swift; sourceTree = "<group>"; };
		AA63903A1B300AE400782582 /* SectionheaderView.swift */ = {isa = PBXFileReference; fileEncoding = 4; lastKnownFileType = sourcecode.swift; path = SectionheaderView.swift; sourceTree = "<group>"; };
		AA63903B1B300AE400782582 /* TransactionStatusView.swift */ = {isa = PBXFileReference; fileEncoding = 4; lastKnownFileType = sourcecode.swift; path = TransactionStatusView.swift; sourceTree = "<group>"; };
		AA63903D1B300AE400782582 /* MainViewController.swift */ = {isa = PBXFileReference; fileEncoding = 4; lastKnownFileType = sourcecode.swift; path = MainViewController.swift; sourceTree = "<group>"; };
		AA63903E1B300AE400782582 /* ScanViewController.swift */ = {isa = PBXFileReference; fileEncoding = 4; lastKnownFileType = sourcecode.swift; path = ScanViewController.swift; sourceTree = "<group>"; };
		AA6390541B300FAA00782582 /* CoreGraphics.framework */ = {isa = PBXFileReference; lastKnownFileType = wrapper.framework; name = CoreGraphics.framework; path = System/Library/Frameworks/CoreGraphics.framework; sourceTree = SDKROOT; };
		AA9A31FF1B075AD100CCF6B4 /* products.json */ = {isa = PBXFileReference; fileEncoding = 4; lastKnownFileType = text.json; path = products.json; sourceTree = "<group>"; };
		AA9DCD6E1B0738F20070022E /* CashierApp.app */ = {isa = PBXFileReference; explicitFileType = wrapper.application; includeInIndex = 0; path = CashierApp.app; sourceTree = BUILT_PRODUCTS_DIR; };
		AA9DCD721B0738F20070022E /* Info.plist */ = {isa = PBXFileReference; lastKnownFileType = text.plist.xml; path = Info.plist; sourceTree = "<group>"; };
		AA9DCD831B0738F20070022E /* CashierAppTests.xctest */ = {isa = PBXFileReference; explicitFileType = wrapper.cfbundle; includeInIndex = 0; path = CashierAppTests.xctest; sourceTree = BUILT_PRODUCTS_DIR; };
		AA9DCD881B0738F20070022E /* Info.plist */ = {isa = PBXFileReference; lastKnownFileType = text.plist.xml; path = Info.plist; sourceTree = "<group>"; };
		AA9DCD891B0738F20070022E /* CashierAppTests.swift */ = {isa = PBXFileReference; lastKnownFileType = sourcecode.swift; path = CashierAppTests.swift; sourceTree = "<group>"; };
		AAD49A6F1B3A94C100DDC734 /* AssetsLibrary.framework */ = {isa = PBXFileReference; lastKnownFileType = wrapper.framework; name = AssetsLibrary.framework; path = System/Library/Frameworks/AssetsLibrary.framework; sourceTree = SDKROOT; };
		AAD49A711B3A94CC00DDC734 /* CoreText.framework */ = {isa = PBXFileReference; lastKnownFileType = wrapper.framework; name = CoreText.framework; path = System/Library/Frameworks/CoreText.framework; sourceTree = SDKROOT; };
		AAD49A731B3A94D700DDC734 /* MobileCoreServices.framework */ = {isa = PBXFileReference; lastKnownFileType = wrapper.framework; name = MobileCoreServices.framework; path = System/Library/Frameworks/MobileCoreServices.framework; sourceTree = SDKROOT; };
		AAD49A751B3A94E000DDC734 /* QuartzCore.framework */ = {isa = PBXFileReference; lastKnownFileType = wrapper.framework; name = QuartzCore.framework; path = System/Library/Frameworks/QuartzCore.framework; sourceTree = SDKROOT; };
		AAD49A771B3A94E800DDC734 /* QuickLook.framework */ = {isa = PBXFileReference; lastKnownFileType = wrapper.framework; name = QuickLook.framework; path = System/Library/Frameworks/QuickLook.framework; sourceTree = SDKROOT; };
		AAD49A791B3A94F000DDC734 /* Security.framework */ = {isa = PBXFileReference; lastKnownFileType = wrapper.framework; name = Security.framework; path = System/Library/Frameworks/Security.framework; sourceTree = SDKROOT; };
		AAD49A7B1B3A94F700DDC734 /* SystemConfiguration.framework */ = {isa = PBXFileReference; lastKnownFileType = wrapper.framework; name = SystemConfiguration.framework; path = System/Library/Frameworks/SystemConfiguration.framework; sourceTree = SDKROOT; };
		AAD49A7E1B3A991C00DDC734 /* HockeySDK.framework */ = {isa = PBXFileReference; lastKnownFileType = wrapper.framework; path = HockeySDK.framework; sourceTree = "<group>"; };
		AAD49A801B3A991C00DDC734 /* HockeySDK.xcconfig */ = {isa = PBXFileReference; fileEncoding = 4; lastKnownFileType = text.xcconfig; path = HockeySDK.xcconfig; sourceTree = "<group>"; };
		AAD49A811B3A991C00DDC734 /* HockeySDKResources.bundle */ = {isa = PBXFileReference; lastKnownFileType = "wrapper.plug-in"; path = HockeySDKResources.bundle; sourceTree = "<group>"; };
		BB399544EBC40ACCFD3DB676 /* Pods-CashierAppTests.debug.xcconfig */ = {isa = PBXFileReference; includeInIndex = 1; lastKnownFileType = text.xcconfig; name = "Pods-CashierAppTests.debug.xcconfig"; path = "Pods/Target Support Files/Pods-CashierAppTests/Pods-CashierAppTests.debug.xcconfig"; sourceTree = "<group>"; };
		DAC65AD02C3169F4D14482F7 /* Pods-CashierApp.debug.xcconfig */ = {isa = PBXFileReference; includeInIndex = 1; lastKnownFileType = text.xcconfig; name = "Pods-CashierApp.debug.xcconfig"; path = "Pods/Target Support Files/Pods-CashierApp/Pods-CashierApp.debug.xcconfig"; sourceTree = "<group>"; };
/* End PBXFileReference section */

/* Begin PBXFrameworksBuildPhase section */
		AA9DCD6B1B0738F20070022E /* Frameworks */ = {
			isa = PBXFrameworksBuildPhase;
			buildActionMask = 2147483647;
			files = (
				AAD49A7C1B3A94F700DDC734 /* SystemConfiguration.framework in Frameworks */,
				AAD49A7A1B3A94F000DDC734 /* Security.framework in Frameworks */,
				AAD49A781B3A94E800DDC734 /* QuickLook.framework in Frameworks */,
				AAD49A761B3A94E000DDC734 /* QuartzCore.framework in Frameworks */,
				AAD49A741B3A94D700DDC734 /* MobileCoreServices.framework in Frameworks */,
				AAD49A721B3A94CC00DDC734 /* CoreText.framework in Frameworks */,
				AAD49A701B3A94C100DDC734 /* AssetsLibrary.framework in Frameworks */,
				AA6390551B300FAA00782582 /* CoreGraphics.framework in Frameworks */,
				AA3561F51B24647A00CDECB9 /* UIKit.framework in Frameworks */,
				AA3561F71B24648500CDECB9 /* Foundation.framework in Frameworks */,
				55119865E2701100D598ABD0 /* Pods_CashierApp.framework in Frameworks */,
				AA1F10721BB8128900F869C0 /* HockeySDK.framework in Frameworks */,
			);
			runOnlyForDeploymentPostprocessing = 0;
		};
		AA9DCD801B0738F20070022E /* Frameworks */ = {
			isa = PBXFrameworksBuildPhase;
			buildActionMask = 2147483647;
			files = (
				05730C75583AFAA6B8584374 /* Pods_CashierAppTests.framework in Frameworks */,
			);
			runOnlyForDeploymentPostprocessing = 0;
		};
/* End PBXFrameworksBuildPhase section */

/* Begin PBXGroup section */
		6CC2FED32AB37249456528F0 /* Pods */ = {
			isa = PBXGroup;
			children = (
				DAC65AD02C3169F4D14482F7 /* Pods-CashierApp.debug.xcconfig */,
				85BDFBE62AAACCE3DE19A59E /* Pods-CashierApp.release.xcconfig */,
				BB399544EBC40ACCFD3DB676 /* Pods-CashierAppTests.debug.xcconfig */,
				8B28CDF5AC7601FA64924830 /* Pods-CashierAppTests.release.xcconfig */,
			);
			name = Pods;
			sourceTree = "<group>";
		};
		AA6390261B300AE400782582 /* Base.lproj */ = {
			isa = PBXGroup;
			children = (
			);
			path = Base.lproj;
			sourceTree = "<group>";
		};
		AA6390271B300AE400782582 /* Helpers */ = {
			isa = PBXGroup;
			children = (
				AA6390291B300AE400782582 /* Constants.swift */,
			);
			path = Helpers;
			sourceTree = "<group>";
		};
		AA63902A1B300AE400782582 /* Model */ = {
			isa = PBXGroup;
			children = (
				AA63902B1B300AE400782582 /* BasketItem.swift */,
				AA63902C1B300AE400782582 /* Checkin.swift */,
				AA63902D1B300AE400782582 /* Product.swift */,
			);
			path = Model;
			sourceTree = "<group>";
		};
		AA63902E1B300AE400782582 /* View */ = {
			isa = PBXGroup;
			children = (
				AA63902F1B300AE400782582 /* BasketProductCell.swift */,
				AA6390301B300AE400782582 /* BasketUserCell.swift */,
				AA6390311B300AE400782582 /* CheckinCell.swift */,
				AA6390321B300AE400782582 /* InitializationView.swift */,
				AA6390331B300AE400782582 /* InsertCodeView.swift */,
				AA6390341B300AE400782582 /* LogView.swift */,
				AA6390351B300AE400782582 /* ModifyPriceView.swift */,
				AA6390361B300AE400782582 /* PaymentButton.swift */,
				AA6390371B300AE400782582 /* ProductCategoryCell.swift */,
				AA6390381B300AE400782582 /* ProductCell.swift */,
				AA6390391B300AE400782582 /* ScanCardView.swift */,
				AA63903A1B300AE400782582 /* SectionheaderView.swift */,
				AA63903B1B300AE400782582 /* TransactionStatusView.swift */,
				AA53B3A21BB09E8500E831B4 /* ReceiptView.swift */,
			);
			path = View;
			sourceTree = "<group>";
		};
		AA63903C1B300AE400782582 /* ViewController */ = {
			isa = PBXGroup;
			children = (
				AA63903D1B300AE400782582 /* MainViewController.swift */,
				AA63903E1B300AE400782582 /* ScanViewController.swift */,
			);
			path = ViewController;
			sourceTree = "<group>";
		};
		AA9DCD651B0738F20070022E = {
			isa = PBXGroup;
			children = (
				AA9DCD701B0738F20070022E /* CashierApp */,
				AA9DCD861B0738F20070022E /* CashierAppTests */,
				AA9DCD6F1B0738F20070022E /* Products */,
				D64ECBCF0DDCB0E63BB2F602 /* Frameworks */,
				6CC2FED32AB37249456528F0 /* Pods */,
			);
			sourceTree = "<group>";
		};
		AA9DCD6F1B0738F20070022E /* Products */ = {
			isa = PBXGroup;
			children = (
				AA9DCD6E1B0738F20070022E /* CashierApp.app */,
				AA9DCD831B0738F20070022E /* CashierAppTests.xctest */,
			);
			name = Products;
			sourceTree = "<group>";
		};
		AA9DCD701B0738F20070022E /* CashierApp */ = {
			isa = PBXGroup;
			children = (
				AA6390251B300AE400782582 /* AppDelegate.swift */,
				AA6390261B300AE400782582 /* Base.lproj */,
				AA6390271B300AE400782582 /* Helpers */,
				AA63902A1B300AE400782582 /* Model */,
				AA63902E1B300AE400782582 /* View */,
				AA63903C1B300AE400782582 /* ViewController */,
				AA9DCD711B0738F20070022E /* Supporting Files */,
			);
			path = CashierApp;
			sourceTree = "<group>";
		};
		AA9DCD711B0738F20070022E /* Supporting Files */ = {
			isa = PBXGroup;
			children = (
				AA5C77DC1B334E80004ECCF7 /* CashierApp-Bridging-Header.h */,
				AA6390231B300AC900782582 /* Images.xcassets */,
				AA9DCD721B0738F20070022E /* Info.plist */,
				AA9A31FF1B075AD100CCF6B4 /* products.json */,
				AA3561FA1B24662B00CDECB9 /* PrefixHeader.pch */,
			);
			name = "Supporting Files";
			sourceTree = "<group>";
		};
		AA9DCD861B0738F20070022E /* CashierAppTests */ = {
			isa = PBXGroup;
			children = (
				AA9DCD891B0738F20070022E /* CashierAppTests.swift */,
				AA9DCD871B0738F20070022E /* Supporting Files */,
			);
			path = CashierAppTests;
			sourceTree = "<group>";
		};
		AA9DCD871B0738F20070022E /* Supporting Files */ = {
			isa = PBXGroup;
			children = (
				AA9DCD881B0738F20070022E /* Info.plist */,
			);
			name = "Supporting Files";
			sourceTree = "<group>";
		};
		AAD49A7D1B3A991C00DDC734 /* HockeySDK.embeddedframework */ = {
			isa = PBXGroup;
			children = (
				AAD49A7E1B3A991C00DDC734 /* HockeySDK.framework */,
				AAD49A7F1B3A991C00DDC734 /* Resources */,
			);
			name = HockeySDK.embeddedframework;
			path = "HockeySDK-iOS/HockeySDK.embeddedframework";
			sourceTree = "<group>";
		};
		AAD49A7F1B3A991C00DDC734 /* Resources */ = {
			isa = PBXGroup;
			children = (
				AAD49A801B3A991C00DDC734 /* HockeySDK.xcconfig */,
				AAD49A811B3A991C00DDC734 /* HockeySDKResources.bundle */,
			);
			path = Resources;
			sourceTree = "<group>";
		};
		D64ECBCF0DDCB0E63BB2F602 /* Frameworks */ = {
			isa = PBXGroup;
			children = (
				AA1F10711BB8128900F869C0 /* HockeySDK.framework */,
				AAD49A7D1B3A991C00DDC734 /* HockeySDK.embeddedframework */,
				AAD49A7B1B3A94F700DDC734 /* SystemConfiguration.framework */,
				AAD49A791B3A94F000DDC734 /* Security.framework */,
				AAD49A771B3A94E800DDC734 /* QuickLook.framework */,
				AAD49A751B3A94E000DDC734 /* QuartzCore.framework */,
				AAD49A731B3A94D700DDC734 /* MobileCoreServices.framework */,
				AAD49A711B3A94CC00DDC734 /* CoreText.framework */,
				AAD49A6F1B3A94C100DDC734 /* AssetsLibrary.framework */,
				AA6390541B300FAA00782582 /* CoreGraphics.framework */,
				AA3561F81B2464D800CDECB9 /* Pods_CashierApp.framework */,
				AA3561F61B24648500CDECB9 /* Foundation.framework */,
				AA3561F41B24647A00CDECB9 /* UIKit.framework */,
				9CEC01DFD0D0AE0493C5FFBC /* Pods_CashierApp.framework */,
				2055D2D41A6B48E97C205698 /* Pods_CashierAppTests.framework */,
			);
			name = Frameworks;
			sourceTree = "<group>";
		};
/* End PBXGroup section */

/* Begin PBXNativeTarget section */
		AA9DCD6D1B0738F20070022E /* CashierApp */ = {
			isa = PBXNativeTarget;
			buildConfigurationList = AA9DCD8D1B0738F20070022E /* Build configuration list for PBXNativeTarget "CashierApp" */;
			buildPhases = (
				40AFBC4E04708BCDE22A109B /* Check Pods Manifest.lock */,
				AA9DCD6A1B0738F20070022E /* Sources */,
				AA9DCD6B1B0738F20070022E /* Frameworks */,
				AA9DCD6C1B0738F20070022E /* Resources */,
				C85955427AC6E67D7E2C7ED1 /* Copy Pods Resources */,
				2AC358FE004819A17ABB7A8B /* Embed Pods Frameworks */,
			);
			buildRules = (
			);
			dependencies = (
			);
			name = CashierApp;
			productName = CashierApp;
			productReference = AA9DCD6E1B0738F20070022E /* CashierApp.app */;
			productType = "com.apple.product-type.application";
		};
		AA9DCD821B0738F20070022E /* CashierAppTests */ = {
			isa = PBXNativeTarget;
			buildConfigurationList = AA9DCD901B0738F20070022E /* Build configuration list for PBXNativeTarget "CashierAppTests" */;
			buildPhases = (
				55ACAB23D940FB83866B953B /* Check Pods Manifest.lock */,
				AA9DCD7F1B0738F20070022E /* Sources */,
				AA9DCD801B0738F20070022E /* Frameworks */,
				AA9DCD811B0738F20070022E /* Resources */,
				C4D266C38BAC297E0BE52AF1 /* Embed Pods Frameworks */,
				BCF36B146C8C2621608CB10C /* Copy Pods Resources */,
			);
			buildRules = (
			);
			dependencies = (
				AA9DCD851B0738F20070022E /* PBXTargetDependency */,
			);
			name = CashierAppTests;
			productName = CashierAppTests;
			productReference = AA9DCD831B0738F20070022E /* CashierAppTests.xctest */;
			productType = "com.apple.product-type.bundle.unit-test";
		};
/* End PBXNativeTarget section */

/* Begin PBXProject section */
		AA9DCD661B0738F20070022E /* Project object */ = {
			isa = PBXProject;
			attributes = {
				LastSwiftUpdateCheck = 0700;
				LastUpgradeCheck = 0700;
				ORGANIZATIONNAME = secucard;
				TargetAttributes = {
					AA9DCD6D1B0738F20070022E = {
						CreatedOnToolsVersion = 6.3.1;
						DevelopmentTeam = QWAPQRA564;
					};
					AA9DCD821B0738F20070022E = {
						CreatedOnToolsVersion = 6.3.1;
						TestTargetID = AA9DCD6D1B0738F20070022E;
					};
				};
			};
			buildConfigurationList = AA9DCD691B0738F20070022E /* Build configuration list for PBXProject "CashierApp" */;
			compatibilityVersion = "Xcode 3.2";
			developmentRegion = English;
			hasScannedForEncodings = 0;
			knownRegions = (
				en,
				Base,
			);
			mainGroup = AA9DCD651B0738F20070022E;
			productRefGroup = AA9DCD6F1B0738F20070022E /* Products */;
			projectDirPath = "";
			projectRoot = "";
			targets = (
				AA9DCD6D1B0738F20070022E /* CashierApp */,
				AA9DCD821B0738F20070022E /* CashierAppTests */,
			);
		};
/* End PBXProject section */

/* Begin PBXResourcesBuildPhase section */
		AA9DCD6C1B0738F20070022E /* Resources */ = {
			isa = PBXResourcesBuildPhase;
			buildActionMask = 2147483647;
			files = (
				AA9A32001B075AD100CCF6B4 /* products.json in Resources */,
				AA6390241B300AC900782582 /* Images.xcassets in Resources */,
			);
			runOnlyForDeploymentPostprocessing = 0;
		};
		AA9DCD811B0738F20070022E /* Resources */ = {
			isa = PBXResourcesBuildPhase;
			buildActionMask = 2147483647;
			files = (
			);
			runOnlyForDeploymentPostprocessing = 0;
		};
/* End PBXResourcesBuildPhase section */

/* Begin PBXShellScriptBuildPhase section */
		2AC358FE004819A17ABB7A8B /* Embed Pods Frameworks */ = {
			isa = PBXShellScriptBuildPhase;
			buildActionMask = 2147483647;
			files = (
			);
			inputPaths = (
			);
			name = "Embed Pods Frameworks";
			outputPaths = (
			);
			runOnlyForDeploymentPostprocessing = 0;
			shellPath = /bin/sh;
			shellScript = "\"${SRCROOT}/Pods/Target Support Files/Pods-CashierApp/Pods-CashierApp-frameworks.sh\"\n";
			showEnvVarsInLog = 0;
		};
		40AFBC4E04708BCDE22A109B /* Check Pods Manifest.lock */ = {
			isa = PBXShellScriptBuildPhase;
			buildActionMask = 2147483647;
			files = (
			);
			inputPaths = (
			);
			name = "Check Pods Manifest.lock";
			outputPaths = (
			);
			runOnlyForDeploymentPostprocessing = 0;
			shellPath = /bin/sh;
			shellScript = "diff \"${PODS_ROOT}/../Podfile.lock\" \"${PODS_ROOT}/Manifest.lock\" > /dev/null\nif [[ $? != 0 ]] ; then\n    cat << EOM\nerror: The sandbox is not in sync with the Podfile.lock. Run 'pod install' or update your CocoaPods installation.\nEOM\n    exit 1\nfi\n";
			showEnvVarsInLog = 0;
		};
		55ACAB23D940FB83866B953B /* Check Pods Manifest.lock */ = {
			isa = PBXShellScriptBuildPhase;
			buildActionMask = 2147483647;
			files = (
			);
			inputPaths = (
			);
			name = "Check Pods Manifest.lock";
			outputPaths = (
			);
			runOnlyForDeploymentPostprocessing = 0;
			shellPath = /bin/sh;
			shellScript = "diff \"${PODS_ROOT}/../Podfile.lock\" \"${PODS_ROOT}/Manifest.lock\" > /dev/null\nif [[ $? != 0 ]] ; then\n    cat << EOM\nerror: The sandbox is not in sync with the Podfile.lock. Run 'pod install' or update your CocoaPods installation.\nEOM\n    exit 1\nfi\n";
			showEnvVarsInLog = 0;
		};
		BCF36B146C8C2621608CB10C /* Copy Pods Resources */ = {
			isa = PBXShellScriptBuildPhase;
			buildActionMask = 2147483647;
			files = (
			);
			inputPaths = (
			);
			name = "Copy Pods Resources";
			outputPaths = (
			);
			runOnlyForDeploymentPostprocessing = 0;
			shellPath = /bin/sh;
			shellScript = "\"${SRCROOT}/Pods/Target Support Files/Pods-CashierAppTests/Pods-CashierAppTests-resources.sh\"\n";
			showEnvVarsInLog = 0;
		};
		C4D266C38BAC297E0BE52AF1 /* Embed Pods Frameworks */ = {
			isa = PBXShellScriptBuildPhase;
			buildActionMask = 2147483647;
			files = (
			);
			inputPaths = (
			);
			name = "Embed Pods Frameworks";
			outputPaths = (
			);
			runOnlyForDeploymentPostprocessing = 0;
			shellPath = /bin/sh;
			shellScript = "\"${SRCROOT}/Pods/Target Support Files/Pods-CashierAppTests/Pods-CashierAppTests-frameworks.sh\"\n";
			showEnvVarsInLog = 0;
		};
		C85955427AC6E67D7E2C7ED1 /* Copy Pods Resources */ = {
			isa = PBXShellScriptBuildPhase;
			buildActionMask = 2147483647;
			files = (
			);
			inputPaths = (
			);
			name = "Copy Pods Resources";
			outputPaths = (
			);
			runOnlyForDeploymentPostprocessing = 0;
			shellPath = /bin/sh;
			shellScript = "\"${SRCROOT}/Pods/Target Support Files/Pods-CashierApp/Pods-CashierApp-resources.sh\"\n";
			showEnvVarsInLog = 0;
		};
/* End PBXShellScriptBuildPhase section */

/* Begin PBXSourcesBuildPhase section */
		AA9DCD6A1B0738F20070022E /* Sources */ = {
			isa = PBXSourcesBuildPhase;
			buildActionMask = 2147483647;
			files = (
				AA6390461B300AE400782582 /* BasketUserCell.swift in Sources */,
				AA63904A1B300AE400782582 /* LogView.swift in Sources */,
				AA6390451B300AE400782582 /* BasketProductCell.swift in Sources */,
				AA6390421B300AE400782582 /* BasketItem.swift in Sources */,
				AA63903F1B300AE400782582 /* AppDelegate.swift in Sources */,
				AA6390411B300AE400782582 /* Constants.swift in Sources */,
				AA6390511B300AE400782582 /* TransactionStatusView.swift in Sources */,
				AA6390531B300AE400782582 /* ScanViewController.swift in Sources */,
				AA6390501B300AE400782582 /* SectionheaderView.swift in Sources */,
				AA63904D1B300AE400782582 /* ProductCategoryCell.swift in Sources */,
				AA6390431B300AE400782582 /* Checkin.swift in Sources */,
				AA6390471B300AE400782582 /* CheckinCell.swift in Sources */,
				AA6390481B300AE400782582 /* InitializationView.swift in Sources */,
				AA63904C1B300AE400782582 /* PaymentButton.swift in Sources */,
				AA6390441B300AE400782582 /* Product.swift in Sources */,
				AA63904E1B300AE400782582 /* ProductCell.swift in Sources */,
				AA63904F1B300AE400782582 /* ScanCardView.swift in Sources */,
				AA6390491B300AE400782582 /* InsertCodeView.swift in Sources */,
				AA53B3A31BB09E8500E831B4 /* ReceiptView.swift in Sources */,
				AA63904B1B300AE400782582 /* ModifyPriceView.swift in Sources */,
				AA6390521B300AE400782582 /* MainViewController.swift in Sources */,
			);
			runOnlyForDeploymentPostprocessing = 0;
		};
		AA9DCD7F1B0738F20070022E /* Sources */ = {
			isa = PBXSourcesBuildPhase;
			buildActionMask = 2147483647;
			files = (
				AA9DCD8A1B0738F20070022E /* CashierAppTests.swift in Sources */,
			);
			runOnlyForDeploymentPostprocessing = 0;
		};
/* End PBXSourcesBuildPhase section */

/* Begin PBXTargetDependency section */
		AA9DCD851B0738F20070022E /* PBXTargetDependency */ = {
			isa = PBXTargetDependency;
			target = AA9DCD6D1B0738F20070022E /* CashierApp */;
			targetProxy = AA9DCD841B0738F20070022E /* PBXContainerItemProxy */;
		};
/* End PBXTargetDependency section */

/* Begin XCBuildConfiguration section */
		AA9DCD8B1B0738F20070022E /* Debug */ = {
			isa = XCBuildConfiguration;
			buildSettings = {
				ALWAYS_SEARCH_USER_PATHS = NO;
				CLANG_CXX_LANGUAGE_STANDARD = "gnu++0x";
				CLANG_CXX_LIBRARY = "libc++";
				CLANG_ENABLE_MODULES = YES;
				CLANG_ENABLE_OBJC_ARC = YES;
				CLANG_WARN_BOOL_CONVERSION = YES;
				CLANG_WARN_CONSTANT_CONVERSION = YES;
				CLANG_WARN_DIRECT_OBJC_ISA_USAGE = YES_ERROR;
				CLANG_WARN_EMPTY_BODY = YES;
				CLANG_WARN_ENUM_CONVERSION = YES;
				CLANG_WARN_INT_CONVERSION = YES;
				CLANG_WARN_OBJC_ROOT_CLASS = YES_ERROR;
				CLANG_WARN_UNREACHABLE_CODE = YES;
				CLANG_WARN__DUPLICATE_METHOD_MATCH = YES;
				"CODE_SIGN_IDENTITY[sdk=iphoneos*]" = "iPhone Developer";
				COPY_PHASE_STRIP = NO;
				DEBUG_INFORMATION_FORMAT = "dwarf-with-dsym";
				ENABLE_STRICT_OBJC_MSGSEND = YES;
				ENABLE_TESTABILITY = YES;
				GCC_C_LANGUAGE_STANDARD = gnu99;
				GCC_DYNAMIC_NO_PIC = NO;
				GCC_NO_COMMON_BLOCKS = YES;
				GCC_OPTIMIZATION_LEVEL = 0;
				GCC_PREPROCESSOR_DEFINITIONS = (
					"DEBUG=1",
					"$(inherited)",
				);
				GCC_SYMBOLS_PRIVATE_EXTERN = NO;
				GCC_WARN_64_TO_32_BIT_CONVERSION = YES;
				GCC_WARN_ABOUT_RETURN_TYPE = YES_ERROR;
				GCC_WARN_UNDECLARED_SELECTOR = YES;
				GCC_WARN_UNINITIALIZED_AUTOS = YES_AGGRESSIVE;
				GCC_WARN_UNUSED_FUNCTION = YES;
				GCC_WARN_UNUSED_VARIABLE = YES;
				IPHONEOS_DEPLOYMENT_TARGET = 8.3;
				MTL_ENABLE_DEBUG_INFO = YES;
				ONLY_ACTIVE_ARCH = YES;
				SDKROOT = iphoneos;
				SWIFT_OBJC_BRIDGING_HEADER = "";
				SWIFT_OPTIMIZATION_LEVEL = "-Onone";
				TARGETED_DEVICE_FAMILY = 2;
			};
			name = Debug;
		};
		AA9DCD8C1B0738F20070022E /* Release */ = {
			isa = XCBuildConfiguration;
			buildSettings = {
				ALWAYS_SEARCH_USER_PATHS = NO;
				CLANG_CXX_LANGUAGE_STANDARD = "gnu++0x";
				CLANG_CXX_LIBRARY = "libc++";
				CLANG_ENABLE_MODULES = YES;
				CLANG_ENABLE_OBJC_ARC = YES;
				CLANG_WARN_BOOL_CONVERSION = YES;
				CLANG_WARN_CONSTANT_CONVERSION = YES;
				CLANG_WARN_DIRECT_OBJC_ISA_USAGE = YES_ERROR;
				CLANG_WARN_EMPTY_BODY = YES;
				CLANG_WARN_ENUM_CONVERSION = YES;
				CLANG_WARN_INT_CONVERSION = YES;
				CLANG_WARN_OBJC_ROOT_CLASS = YES_ERROR;
				CLANG_WARN_UNREACHABLE_CODE = YES;
				CLANG_WARN__DUPLICATE_METHOD_MATCH = YES;
				"CODE_SIGN_IDENTITY[sdk=iphoneos*]" = "iPhone Developer";
				COPY_PHASE_STRIP = NO;
				DEBUG_INFORMATION_FORMAT = "dwarf-with-dsym";
				ENABLE_NS_ASSERTIONS = NO;
				ENABLE_STRICT_OBJC_MSGSEND = YES;
				GCC_C_LANGUAGE_STANDARD = gnu99;
				GCC_NO_COMMON_BLOCKS = YES;
				GCC_WARN_64_TO_32_BIT_CONVERSION = YES;
				GCC_WARN_ABOUT_RETURN_TYPE = YES_ERROR;
				GCC_WARN_UNDECLARED_SELECTOR = YES;
				GCC_WARN_UNINITIALIZED_AUTOS = YES_AGGRESSIVE;
				GCC_WARN_UNUSED_FUNCTION = YES;
				GCC_WARN_UNUSED_VARIABLE = YES;
				IPHONEOS_DEPLOYMENT_TARGET = 8.3;
				MTL_ENABLE_DEBUG_INFO = NO;
				SDKROOT = iphoneos;
				SWIFT_OBJC_BRIDGING_HEADER = "";
				TARGETED_DEVICE_FAMILY = 2;
				VALIDATE_PRODUCT = YES;
			};
			name = Release;
		};
		AA9DCD8E1B0738F20070022E /* Debug */ = {
			isa = XCBuildConfiguration;
			baseConfigurationReference = DAC65AD02C3169F4D14482F7 /* Pods-CashierApp.debug.xcconfig */;
			buildSettings = {
				ALWAYS_SEARCH_USER_PATHS = NO;
				ASSETCATALOG_COMPILER_APPICON_NAME = AppIcon;
				ASSETCATALOG_COMPILER_LAUNCHIMAGE_NAME = LaunchImage;
				CLANG_ENABLE_MODULES = YES;
				CLANG_WARN_UNREACHABLE_CODE = NO;
				CODE_SIGN_IDENTITY = "iPhone Developer: Joern Schmidt (GVUZ782WHX)";
				"CODE_SIGN_IDENTITY[sdk=iphoneos*]" = "";
				DEFINES_MODULE = YES;
				ENABLE_STRICT_OBJC_MSGSEND = NO;
				FRAMEWORK_SEARCH_PATHS = (
					"$(inherited)",
					$PODS_FRAMEWORK_BUILD_PATH,
					"$(PROJECT_DIR)/Pods/HockeySDK/HockeySDK-iOS/HockeySDK.embeddedframework",
				);
				GCC_NO_COMMON_BLOCKS = NO;
				GCC_PRECOMPILE_PREFIX_HEADER = YES;
				GCC_PREFIX_HEADER = CashierApp/PrefixHeader.pch;
				HEADER_SEARCH_PATHS = (
					"\"${PODS_ROOT}/Headers/Public\"",
					"$(inherited)",
				);
				INFOPLIST_FILE = "$(SRCROOT)/CashierApp/Info.plist";
				IPHONEOS_DEPLOYMENT_TARGET = 8.0;
				LD_RUNPATH_SEARCH_PATHS = "$(inherited) @executable_path/Frameworks";
				MTL_ENABLE_DEBUG_INFO = NO;
				PRODUCT_BUNDLE_IDENTIFIER = com.secucard.app.ios.secucard.cashierapp;
				PRODUCT_NAME = "$(TARGET_NAME)";
				PROVISIONING_PROFILE = "a1b78fe6-fb94-4dcf-b829-a9ba4e316941";
				SWIFT_OBJC_BRIDGING_HEADER = "CashierApp/CashierApp-Bridging-Header.h";
				SWIFT_OPTIMIZATION_LEVEL = "-Onone";
				USER_HEADER_SEARCH_PATHS = "$(inherited)";
				VALID_ARCHS = "arm64 armv7s armv7";
			};
			name = Debug;
		};
		AA9DCD8F1B0738F20070022E /* Release */ = {
			isa = XCBuildConfiguration;
			baseConfigurationReference = 85BDFBE62AAACCE3DE19A59E /* Pods-CashierApp.release.xcconfig */;
			buildSettings = {
				ALWAYS_SEARCH_USER_PATHS = NO;
				ASSETCATALOG_COMPILER_APPICON_NAME = AppIcon;
				ASSETCATALOG_COMPILER_LAUNCHIMAGE_NAME = LaunchImage;
				CLANG_ENABLE_MODULES = YES;
				CLANG_WARN_UNREACHABLE_CODE = NO;
				CODE_SIGN_IDENTITY = "iPhone Distribution: hp.weber GmbH & Co secucard KG (QWAPQRA564)";
				"CODE_SIGN_IDENTITY[sdk=iphoneos*]" = "";
				COPY_PHASE_STRIP = YES;
				DEFINES_MODULE = YES;
				ENABLE_STRICT_OBJC_MSGSEND = NO;
				FRAMEWORK_SEARCH_PATHS = (
					"$(inherited)",
					$PODS_FRAMEWORK_BUILD_PATH,
					"$(PROJECT_DIR)/Pods/HockeySDK/HockeySDK-iOS/HockeySDK.embeddedframework",
				);
				GCC_NO_COMMON_BLOCKS = NO;
				GCC_PRECOMPILE_PREFIX_HEADER = YES;
				GCC_PREFIX_HEADER = CashierApp/PrefixHeader.pch;
				HEADER_SEARCH_PATHS = (
					"\"${PODS_ROOT}/Headers/Public\"",
					"$(inherited)",
				);
				INFOPLIST_FILE = "$(SRCROOT)/CashierApp/Info.plist";
				IPHONEOS_DEPLOYMENT_TARGET = 8.0;
				LD_RUNPATH_SEARCH_PATHS = "$(inherited) @executable_path/Frameworks";
				PRODUCT_BUNDLE_IDENTIFIER = com.secucard.app.ios.secucard.cashierapp;
				PRODUCT_NAME = "$(TARGET_NAME)";
				PROVISIONING_PROFILE = "2fa91f00-e74f-4e4c-bd5f-e0f115725622";
				SWIFT_OBJC_BRIDGING_HEADER = "CashierApp/CashierApp-Bridging-Header.h";
				USER_HEADER_SEARCH_PATHS = "$(inherited)";
				VALID_ARCHS = "arm64 armv7s armv7";
			};
			name = Release;
		};
		AA9DCD911B0738F20070022E /* Debug */ = {
			isa = XCBuildConfiguration;
			baseConfigurationReference = BB399544EBC40ACCFD3DB676 /* Pods-CashierAppTests.debug.xcconfig */;
			buildSettings = {
				BUNDLE_LOADER = "$(TEST_HOST)";
				FRAMEWORK_SEARCH_PATHS = (
					"$(SDKROOT)/Developer/Library/Frameworks",
					"$(inherited)",
				);
				GCC_PREPROCESSOR_DEFINITIONS = (
					"DEBUG=1",
					"$(inherited)",
				);
				INFOPLIST_FILE = CashierAppTests/Info.plist;
				LD_RUNPATH_SEARCH_PATHS = "$(inherited) @executable_path/Frameworks @loader_path/Frameworks";
				PRODUCT_BUNDLE_IDENTIFIER = com.secucard.app.ios.secucard.cashierapp;
				PRODUCT_NAME = "$(TARGET_NAME)";
				SWIFT_INSTALL_OBJC_HEADER = YES;
				TEST_HOST = "$(BUILT_PRODUCTS_DIR)/CashierApp.app/CashierApp";
			};
			name = Debug;
		};
		AA9DCD921B0738F20070022E /* Release */ = {
			isa = XCBuildConfiguration;
			baseConfigurationReference = 8B28CDF5AC7601FA64924830 /* Pods-CashierAppTests.release.xcconfig */;
			buildSettings = {
				BUNDLE_LOADER = "$(TEST_HOST)";
				FRAMEWORK_SEARCH_PATHS = (
					"$(SDKROOT)/Developer/Library/Frameworks",
					"$(inherited)",
				);
				INFOPLIST_FILE = CashierAppTests/Info.plist;
				LD_RUNPATH_SEARCH_PATHS = "$(inherited) @executable_path/Frameworks @loader_path/Frameworks";
				PRODUCT_BUNDLE_IDENTIFIER = com.secucard.app.ios.secucard.cashierapp;
				PRODUCT_NAME = "$(TARGET_NAME)";
				SWIFT_INSTALL_OBJC_HEADER = YES;
				TEST_HOST = "$(BUILT_PRODUCTS_DIR)/CashierApp.app/CashierApp";
			};
			name = Release;
		};
		AAD49A611B3A825B00DDC734 /* AdHoc */ = {
			isa = XCBuildConfiguration;
			buildSettings = {
				ALWAYS_SEARCH_USER_PATHS = NO;
				CLANG_CXX_LANGUAGE_STANDARD = "gnu++0x";
				CLANG_CXX_LIBRARY = "libc++";
				CLANG_ENABLE_MODULES = YES;
				CLANG_ENABLE_OBJC_ARC = YES;
				CLANG_WARN_BOOL_CONVERSION = YES;
				CLANG_WARN_CONSTANT_CONVERSION = YES;
				CLANG_WARN_DIRECT_OBJC_ISA_USAGE = YES_ERROR;
				CLANG_WARN_EMPTY_BODY = YES;
				CLANG_WARN_ENUM_CONVERSION = YES;
				CLANG_WARN_INT_CONVERSION = YES;
				CLANG_WARN_OBJC_ROOT_CLASS = YES_ERROR;
				CLANG_WARN_UNREACHABLE_CODE = YES;
				CLANG_WARN__DUPLICATE_METHOD_MATCH = YES;
				"CODE_SIGN_IDENTITY[sdk=iphoneos*]" = "iPhone Developer";
				COPY_PHASE_STRIP = NO;
				DEBUG_INFORMATION_FORMAT = "dwarf-with-dsym";
				ENABLE_NS_ASSERTIONS = NO;
				ENABLE_STRICT_OBJC_MSGSEND = YES;
				GCC_C_LANGUAGE_STANDARD = gnu99;
				GCC_NO_COMMON_BLOCKS = YES;
				GCC_WARN_64_TO_32_BIT_CONVERSION = YES;
				GCC_WARN_ABOUT_RETURN_TYPE = YES_ERROR;
				GCC_WARN_UNDECLARED_SELECTOR = YES;
				GCC_WARN_UNINITIALIZED_AUTOS = YES_AGGRESSIVE;
				GCC_WARN_UNUSED_FUNCTION = YES;
				GCC_WARN_UNUSED_VARIABLE = YES;
				IPHONEOS_DEPLOYMENT_TARGET = 8.3;
				MTL_ENABLE_DEBUG_INFO = NO;
				SDKROOT = iphoneos;
				SWIFT_OBJC_BRIDGING_HEADER = "";
				TARGETED_DEVICE_FAMILY = 2;
				VALIDATE_PRODUCT = YES;
			};
			name = AdHoc;
		};
		AAD49A621B3A825B00DDC734 /* AdHoc */ = {
			isa = XCBuildConfiguration;
			baseConfigurationReference = 85BDFBE62AAACCE3DE19A59E /* Pods-CashierApp.release.xcconfig */;
			buildSettings = {
				ALWAYS_SEARCH_USER_PATHS = NO;
				ASSETCATALOG_COMPILER_APPICON_NAME = AppIcon;
				ASSETCATALOG_COMPILER_LAUNCHIMAGE_NAME = LaunchImage;
				CLANG_ENABLE_MODULES = YES;
				CLANG_WARN_UNREACHABLE_CODE = NO;
				CODE_SIGN_IDENTITY = "iPhone Distribution: hp.weber GmbH & Co secucard KG (QWAPQRA564)";
				"CODE_SIGN_IDENTITY[sdk=iphoneos*]" = "";
				COPY_PHASE_STRIP = YES;
				DEFINES_MODULE = YES;
				ENABLE_STRICT_OBJC_MSGSEND = NO;
				FRAMEWORK_SEARCH_PATHS = (
					"$(inherited)",
					$PODS_FRAMEWORK_BUILD_PATH,
					"$(PROJECT_DIR)/Pods/HockeySDK/HockeySDK-iOS/HockeySDK.embeddedframework",
				);
				GCC_NO_COMMON_BLOCKS = NO;
				GCC_PRECOMPILE_PREFIX_HEADER = YES;
				GCC_PREFIX_HEADER = CashierApp/PrefixHeader.pch;
				HEADER_SEARCH_PATHS = (
					"\"${PODS_ROOT}/Headers/Public\"",
					"$(inherited)",
				);
				INFOPLIST_FILE = "$(SRCROOT)/CashierApp/Info.plist";
				IPHONEOS_DEPLOYMENT_TARGET = 8.0;
				LD_RUNPATH_SEARCH_PATHS = "$(inherited) @executable_path/Frameworks";
				PRODUCT_BUNDLE_IDENTIFIER = com.secucard.app.ios.secucard.cashierapp;
				PRODUCT_NAME = "$(TARGET_NAME)";
				PROVISIONING_PROFILE = "d4d6a16f-4dd2-4a03-b3d5-164d1786b952";
				SWIFT_OBJC_BRIDGING_HEADER = "CashierApp/CashierApp-Bridging-Header.h";
				USER_HEADER_SEARCH_PATHS = "$(inherited)";
				VALID_ARCHS = "arm64 armv7s armv7";
			};
			name = AdHoc;
		};
		AAD49A631B3A825B00DDC734 /* AdHoc */ = {
			isa = XCBuildConfiguration;
			baseConfigurationReference = 8B28CDF5AC7601FA64924830 /* Pods-CashierAppTests.release.xcconfig */;
			buildSettings = {
				BUNDLE_LOADER = "$(TEST_HOST)";
				FRAMEWORK_SEARCH_PATHS = (
					"$(SDKROOT)/Developer/Library/Frameworks",
					"$(inherited)",
				);
				INFOPLIST_FILE = CashierAppTests/Info.plist;
				LD_RUNPATH_SEARCH_PATHS = "$(inherited) @executable_path/Frameworks @loader_path/Frameworks";
				PRODUCT_BUNDLE_IDENTIFIER = com.secucard.app.ios.secucard.cashierapp;
				PRODUCT_NAME = "$(TARGET_NAME)";
				SWIFT_INSTALL_OBJC_HEADER = YES;
				TEST_HOST = "$(BUILT_PRODUCTS_DIR)/CashierApp.app/CashierApp";
			};
			name = AdHoc;
		};
/* End XCBuildConfiguration section */

/* Begin XCConfigurationList section */
		AA9DCD691B0738F20070022E /* Build configuration list for PBXProject "CashierApp" */ = {
			isa = XCConfigurationList;
			buildConfigurations = (
				AA9DCD8B1B0738F20070022E /* Debug */,
				AA9DCD8C1B0738F20070022E /* Release */,
				AAD49A611B3A825B00DDC734 /* AdHoc */,
			);
			defaultConfigurationIsVisible = 0;
			defaultConfigurationName = Release;
		};
		AA9DCD8D1B0738F20070022E /* Build configuration list for PBXNativeTarget "CashierApp" */ = {
			isa = XCConfigurationList;
			buildConfigurations = (
				AA9DCD8E1B0738F20070022E /* Debug */,
				AA9DCD8F1B0738F20070022E /* Release */,
				AAD49A621B3A825B00DDC734 /* AdHoc */,
			);
			defaultConfigurationIsVisible = 0;
			defaultConfigurationName = Release;
		};
		AA9DCD901B0738F20070022E /* Build configuration list for PBXNativeTarget "CashierAppTests" */ = {
			isa = XCConfigurationList;
			buildConfigurations = (
				AA9DCD911B0738F20070022E /* Debug */,
				AA9DCD921B0738F20070022E /* Release */,
				AAD49A631B3A825B00DDC734 /* AdHoc */,
			);
			defaultConfigurationIsVisible = 0;
			defaultConfigurationName = Release;
		};
/* End XCConfigurationList section */
	};
	rootObject = AA9DCD661B0738F20070022E /* Project object */;
}
