<?xml version="1.0" encoding="UTF-8"?>
<!DOCTYPE plist PUBLIC "-//Apple//DTD PLIST 1.0//EN" "http://www.apple.com/DTDs/PropertyList-1.0.dtd">
<plist version="1.0">
<dict>
	<key>archiveVersion</key>
	<string>1</string>
	<key>classes</key>
	<dict/>
	<key>objectVersion</key>
	<string>46</string>
	<key>objects</key>
	<dict>
		<key>05730C75583AFAA6B8584374</key>
		<dict>
			<key>fileRef</key>
			<string>2055D2D41A6B48E97C205698</string>
			<key>isa</key>
			<string>PBXBuildFile</string>
		</dict>
		<key>2055D2D41A6B48E97C205698</key>
		<dict>
			<key>explicitFileType</key>
			<string>wrapper.framework</string>
			<key>includeInIndex</key>
			<string>0</string>
			<key>isa</key>
			<string>PBXFileReference</string>
			<key>path</key>
			<string>Pods_CashierAppTests.framework</string>
			<key>sourceTree</key>
			<string>BUILT_PRODUCTS_DIR</string>
		</dict>
		<key>2AC358FE004819A17ABB7A8B</key>
		<dict>
			<key>buildActionMask</key>
			<string>2147483647</string>
			<key>files</key>
			<array/>
			<key>inputPaths</key>
			<array/>
			<key>isa</key>
			<string>PBXShellScriptBuildPhase</string>
			<key>name</key>
			<string>Embed Pods Frameworks</string>
			<key>outputPaths</key>
			<array/>
			<key>runOnlyForDeploymentPostprocessing</key>
			<string>0</string>
			<key>shellPath</key>
			<string>/bin/sh</string>
			<key>shellScript</key>
			<string>"${SRCROOT}/Pods/Target Support Files/Pods-CashierApp/Pods-CashierApp-frameworks.sh"
</string>
			<key>showEnvVarsInLog</key>
			<string>0</string>
		</dict>
		<key>40AFBC4E04708BCDE22A109B</key>
		<dict>
			<key>buildActionMask</key>
			<string>2147483647</string>
			<key>files</key>
			<array/>
			<key>inputPaths</key>
			<array/>
			<key>isa</key>
			<string>PBXShellScriptBuildPhase</string>
			<key>name</key>
			<string>Check Pods Manifest.lock</string>
			<key>outputPaths</key>
			<array/>
			<key>runOnlyForDeploymentPostprocessing</key>
			<string>0</string>
			<key>shellPath</key>
			<string>/bin/sh</string>
			<key>shellScript</key>
			<string>diff "${PODS_ROOT}/../Podfile.lock" "${PODS_ROOT}/Manifest.lock" &gt; /dev/null
if [[ $? != 0 ]] ; then
    cat &lt;&lt; EOM
error: The sandbox is not in sync with the Podfile.lock. Run 'pod install' or update your CocoaPods installation.
EOM
    exit 1
fi
</string>
			<key>showEnvVarsInLog</key>
			<string>0</string>
		</dict>
		<key>55119865E2701100D598ABD0</key>
		<dict>
			<key>fileRef</key>
			<string>9CEC01DFD0D0AE0493C5FFBC</string>
			<key>isa</key>
			<string>PBXBuildFile</string>
		</dict>
		<key>55ACAB23D940FB83866B953B</key>
		<dict>
			<key>buildActionMask</key>
			<string>2147483647</string>
			<key>files</key>
			<array/>
			<key>inputPaths</key>
			<array/>
			<key>isa</key>
			<string>PBXShellScriptBuildPhase</string>
			<key>name</key>
			<string>Check Pods Manifest.lock</string>
			<key>outputPaths</key>
			<array/>
			<key>runOnlyForDeploymentPostprocessing</key>
			<string>0</string>
			<key>shellPath</key>
			<string>/bin/sh</string>
			<key>shellScript</key>
			<string>diff "${PODS_ROOT}/../Podfile.lock" "${PODS_ROOT}/Manifest.lock" &gt; /dev/null
if [[ $? != 0 ]] ; then
    cat &lt;&lt; EOM
error: The sandbox is not in sync with the Podfile.lock. Run 'pod install' or update your CocoaPods installation.
EOM
    exit 1
fi
</string>
			<key>showEnvVarsInLog</key>
			<string>0</string>
		</dict>
		<key>6CC2FED32AB37249456528F0</key>
		<dict>
			<key>children</key>
			<array>
				<string>DAC65AD02C3169F4D14482F7</string>
				<string>85BDFBE62AAACCE3DE19A59E</string>
				<string>BB399544EBC40ACCFD3DB676</string>
				<string>8B28CDF5AC7601FA64924830</string>
				<string>CB95D452357BBE97F1DC460E</string>
				<string>B858216FF13B0DA3A7FFEBB0</string>
			</array>
			<key>isa</key>
			<string>PBXGroup</string>
			<key>name</key>
			<string>Pods</string>
			<key>sourceTree</key>
			<string>&lt;group&gt;</string>
		</dict>
		<key>85BDFBE62AAACCE3DE19A59E</key>
		<dict>
			<key>includeInIndex</key>
			<string>1</string>
			<key>isa</key>
			<string>PBXFileReference</string>
			<key>lastKnownFileType</key>
			<string>text.xcconfig</string>
			<key>name</key>
			<string>Pods-CashierApp.release.xcconfig</string>
			<key>path</key>
			<string>Pods/Target Support Files/Pods-CashierApp/Pods-CashierApp.release.xcconfig</string>
			<key>sourceTree</key>
			<string>&lt;group&gt;</string>
		</dict>
		<key>8B28CDF5AC7601FA64924830</key>
		<dict>
			<key>includeInIndex</key>
			<string>1</string>
			<key>isa</key>
			<string>PBXFileReference</string>
			<key>lastKnownFileType</key>
			<string>text.xcconfig</string>
			<key>name</key>
			<string>Pods-CashierAppTests.release.xcconfig</string>
			<key>path</key>
			<string>Pods/Target Support Files/Pods-CashierAppTests/Pods-CashierAppTests.release.xcconfig</string>
			<key>sourceTree</key>
			<string>&lt;group&gt;</string>
		</dict>
		<key>9CEC01DFD0D0AE0493C5FFBC</key>
		<dict>
			<key>explicitFileType</key>
			<string>wrapper.framework</string>
			<key>includeInIndex</key>
			<string>0</string>
			<key>isa</key>
			<string>PBXFileReference</string>
			<key>path</key>
			<string>Pods_CashierApp.framework</string>
			<key>sourceTree</key>
			<string>BUILT_PRODUCTS_DIR</string>
		</dict>
		<key>AA00BED71BBB1D7800B83706</key>
		<dict>
			<key>fileEncoding</key>
			<string>4</string>
			<key>isa</key>
			<string>PBXFileReference</string>
			<key>lastKnownFileType</key>
			<string>sourcecode.swift</string>
			<key>path</key>
			<string>ProductDetailView.swift</string>
			<key>sourceTree</key>
			<string>&lt;group&gt;</string>
		</dict>
		<key>AA00BED81BBB1D7800B83706</key>
		<dict>
			<key>fileRef</key>
			<string>AA00BED71BBB1D7800B83706</string>
			<key>isa</key>
			<string>PBXBuildFile</string>
		</dict>
		<key>AA07A3861C7EBE1700E4312C</key>
		<dict>
			<key>fileEncoding</key>
			<string>4</string>
			<key>isa</key>
			<string>PBXFileReference</string>
			<key>lastKnownFileType</key>
			<string>sourcecode.swift</string>
			<key>path</key>
			<string>StringExtension.swift</string>
			<key>sourceTree</key>
			<string>&lt;group&gt;</string>
		</dict>
		<key>AA07A3871C7EBE1700E4312C</key>
		<dict>
			<key>fileRef</key>
			<string>AA07A3861C7EBE1700E4312C</string>
			<key>isa</key>
			<string>PBXBuildFile</string>
		</dict>
		<key>AA125E421BC28C1700C70DB2</key>
		<dict>
			<key>fileEncoding</key>
			<string>4</string>
			<key>isa</key>
			<string>PBXFileReference</string>
			<key>lastKnownFileType</key>
			<string>sourcecode.swift</string>
			<key>path</key>
			<string>TransactionInfoInputView.swift</string>
			<key>sourceTree</key>
			<string>&lt;group&gt;</string>
		</dict>
		<key>AA125E431BC28C1700C70DB2</key>
		<dict>
			<key>fileRef</key>
			<string>AA125E421BC28C1700C70DB2</string>
			<key>isa</key>
			<string>PBXBuildFile</string>
		</dict>
		<key>AA125E441BC2A89100C70DB2</key>
		<dict>
			<key>fileEncoding</key>
			<string>4</string>
			<key>isa</key>
			<string>PBXFileReference</string>
			<key>lastKnownFileType</key>
			<string>text.json</string>
			<key>path</key>
			<string>receipt.json</string>
			<key>sourceTree</key>
			<string>&lt;group&gt;</string>
		</dict>
		<key>AA125E451BC2A89100C70DB2</key>
		<dict>
			<key>fileRef</key>
			<string>AA125E441BC2A89100C70DB2</string>
			<key>isa</key>
			<string>PBXBuildFile</string>
		</dict>
		<key>AA125E461BC2B06000C70DB2</key>
		<dict>
			<key>fileEncoding</key>
			<string>4</string>
			<key>isa</key>
			<string>PBXFileReference</string>
			<key>lastKnownFileType</key>
			<string>sourcecode.swift</string>
			<key>path</key>
			<string>ReceiptHeadingCell.swift</string>
			<key>sourceTree</key>
			<string>&lt;group&gt;</string>
		</dict>
		<key>AA125E471BC2B06000C70DB2</key>
		<dict>
			<key>fileRef</key>
			<string>AA125E461BC2B06000C70DB2</string>
			<key>isa</key>
			<string>PBXBuildFile</string>
		</dict>
		<key>AA125E481BC2B34100C70DB2</key>
		<dict>
			<key>fileEncoding</key>
			<string>4</string>
			<key>isa</key>
			<string>PBXFileReference</string>
			<key>lastKnownFileType</key>
			<string>sourcecode.swift</string>
			<key>path</key>
			<string>ReceiptTextCell.swift</string>
			<key>sourceTree</key>
			<string>&lt;group&gt;</string>
		</dict>
		<key>AA125E491BC2B34100C70DB2</key>
		<dict>
			<key>fileRef</key>
			<string>AA125E481BC2B34100C70DB2</string>
			<key>isa</key>
			<string>PBXBuildFile</string>
		</dict>
		<key>AA125E4A1BC2B36400C70DB2</key>
		<dict>
			<key>fileEncoding</key>
			<string>4</string>
			<key>isa</key>
			<string>PBXFileReference</string>
			<key>lastKnownFileType</key>
			<string>sourcecode.swift</string>
			<key>path</key>
			<string>ReceiptKeyValueCell.swift</string>
			<key>sourceTree</key>
			<string>&lt;group&gt;</string>
		</dict>
		<key>AA125E4B1BC2B36400C70DB2</key>
		<dict>
			<key>fileRef</key>
			<string>AA125E4A1BC2B36400C70DB2</string>
			<key>isa</key>
			<string>PBXBuildFile</string>
		</dict>
		<key>AA125E4C1BC2B82700C70DB2</key>
		<dict>
			<key>fileEncoding</key>
			<string>4</string>
			<key>isa</key>
			<string>PBXFileReference</string>
			<key>lastKnownFileType</key>
			<string>sourcecode.swift</string>
			<key>path</key>
			<string>ReceiptSpaceCell.swift</string>
			<key>sourceTree</key>
			<string>&lt;group&gt;</string>
		</dict>
		<key>AA125E4D1BC2B82700C70DB2</key>
		<dict>
			<key>fileRef</key>
			<string>AA125E4C1BC2B82700C70DB2</string>
			<key>isa</key>
			<string>PBXBuildFile</string>
		</dict>
		<key>AA125E4E1BC2B88600C70DB2</key>
		<dict>
			<key>fileEncoding</key>
			<string>4</string>
			<key>isa</key>
			<string>PBXFileReference</string>
			<key>lastKnownFileType</key>
			<string>sourcecode.swift</string>
			<key>path</key>
			<string>ReceiptCell.swift</string>
			<key>sourceTree</key>
			<string>&lt;group&gt;</string>
		</dict>
		<key>AA125E4F1BC2B88600C70DB2</key>
		<dict>
			<key>fileRef</key>
			<string>AA125E4E1BC2B88600C70DB2</string>
			<key>isa</key>
			<string>PBXBuildFile</string>
		</dict>
		<key>AA125E501BC2EE8E00C70DB2</key>
		<dict>
			<key>fileEncoding</key>
			<string>4</string>
			<key>isa</key>
			<string>PBXFileReference</string>
			<key>lastKnownFileType</key>
			<string>sourcecode.swift</string>
			<key>path</key>
			<string>ReceiptLabel.swift</string>
			<key>sourceTree</key>
			<string>&lt;group&gt;</string>
		</dict>
		<key>AA125E511BC2EE8E00C70DB2</key>
		<dict>
			<key>fileRef</key>
			<string>AA125E501BC2EE8E00C70DB2</string>
			<key>isa</key>
			<string>PBXBuildFile</string>
		</dict>
		<key>AA125E601BC3BEBE00C70DB2</key>
		<dict>
			<key>fileEncoding</key>
			<string>4</string>
			<key>isa</key>
			<string>PBXFileReference</string>
			<key>lastKnownFileType</key>
			<string>sourcecode.swift</string>
			<key>path</key>
			<string>ProductsSectionHeaderView.swift</string>
			<key>sourceTree</key>
			<string>&lt;group&gt;</string>
		</dict>
		<key>AA125E611BC3BEBE00C70DB2</key>
		<dict>
			<key>fileRef</key>
			<string>AA125E601BC3BEBE00C70DB2</string>
			<key>isa</key>
			<string>PBXBuildFile</string>
		</dict>
		<key>AA1F10711BB8128900F869C0</key>
		<dict>
			<key>isa</key>
			<string>PBXFileReference</string>
			<key>lastKnownFileType</key>
			<string>wrapper.framework</string>
			<key>name</key>
			<string>HockeySDK.framework</string>
			<key>path</key>
			<string>Pods/HockeySDK/HockeySDK-iOS/HockeySDK.embeddedframework/HockeySDK.framework</string>
			<key>sourceTree</key>
			<string>&lt;group&gt;</string>
		</dict>
		<key>AA1F10721BB8128900F869C0</key>
		<dict>
			<key>fileRef</key>
			<string>AA1F10711BB8128900F869C0</string>
			<key>isa</key>
			<string>PBXBuildFile</string>
		</dict>
		<key>AA256A061BBFE8B800283963</key>
		<dict>
			<key>fileEncoding</key>
			<string>4</string>
			<key>isa</key>
			<string>PBXFileReference</string>
			<key>lastKnownFileType</key>
			<string>sourcecode.swift</string>
			<key>path</key>
			<string>ConnectionButton.swift</string>
			<key>sourceTree</key>
			<string>&lt;group&gt;</string>
		</dict>
		<key>AA256A071BBFE8B800283963</key>
		<dict>
			<key>fileRef</key>
			<string>AA256A061BBFE8B800283963</string>
			<key>isa</key>
			<string>PBXBuildFile</string>
		</dict>
		<key>AA3561F41B24647A00CDECB9</key>
		<dict>
			<key>isa</key>
			<string>PBXFileReference</string>
			<key>lastKnownFileType</key>
			<string>wrapper.framework</string>
			<key>name</key>
			<string>UIKit.framework</string>
			<key>path</key>
			<string>System/Library/Frameworks/UIKit.framework</string>
			<key>sourceTree</key>
			<string>SDKROOT</string>
		</dict>
		<key>AA3561F51B24647A00CDECB9</key>
		<dict>
			<key>fileRef</key>
			<string>AA3561F41B24647A00CDECB9</string>
			<key>isa</key>
			<string>PBXBuildFile</string>
		</dict>
		<key>AA3561F61B24648500CDECB9</key>
		<dict>
			<key>isa</key>
			<string>PBXFileReference</string>
			<key>lastKnownFileType</key>
			<string>wrapper.framework</string>
			<key>name</key>
			<string>Foundation.framework</string>
			<key>path</key>
			<string>System/Library/Frameworks/Foundation.framework</string>
			<key>sourceTree</key>
			<string>SDKROOT</string>
		</dict>
		<key>AA3561F71B24648500CDECB9</key>
		<dict>
			<key>fileRef</key>
			<string>AA3561F61B24648500CDECB9</string>
			<key>isa</key>
			<string>PBXBuildFile</string>
		</dict>
		<key>AA3561F81B2464D800CDECB9</key>
		<dict>
			<key>isa</key>
			<string>PBXFileReference</string>
			<key>lastKnownFileType</key>
			<string>wrapper.framework</string>
			<key>name</key>
			<string>Pods_CashierApp.framework</string>
			<key>path</key>
			<string>Pods/../build/Debug-iphoneos/Pods_CashierApp.framework</string>
			<key>sourceTree</key>
			<string>&lt;group&gt;</string>
		</dict>
		<key>AA3561FA1B24662B00CDECB9</key>
		<dict>
			<key>isa</key>
			<string>PBXFileReference</string>
			<key>lastKnownFileType</key>
			<string>sourcecode.c.h</string>
			<key>path</key>
			<string>PrefixHeader.pch</string>
			<key>sourceTree</key>
			<string>&lt;group&gt;</string>
		</dict>
		<key>AA53B3A21BB09E8500E831B4</key>
		<dict>
			<key>fileEncoding</key>
			<string>4</string>
			<key>isa</key>
			<string>PBXFileReference</string>
			<key>lastKnownFileType</key>
			<string>sourcecode.swift</string>
			<key>path</key>
			<string>ReceiptView.swift</string>
			<key>sourceTree</key>
			<string>&lt;group&gt;</string>
		</dict>
		<key>AA53B3A31BB09E8500E831B4</key>
		<dict>
			<key>fileRef</key>
			<string>AA53B3A21BB09E8500E831B4</string>
			<key>isa</key>
			<string>PBXBuildFile</string>
		</dict>
		<key>AA5C77DC1B334E80004ECCF7</key>
		<dict>
			<key>isa</key>
			<string>PBXFileReference</string>
			<key>lastKnownFileType</key>
			<string>sourcecode.c.h</string>
			<key>path</key>
			<string>CashierApp-Bridging-Header.h</string>
			<key>sourceTree</key>
			<string>&lt;group&gt;</string>
		</dict>
		<key>AA6390231B300AC900782582</key>
		<dict>
			<key>isa</key>
			<string>PBXFileReference</string>
			<key>lastKnownFileType</key>
			<string>folder.assetcatalog</string>
			<key>path</key>
			<string>Images.xcassets</string>
			<key>sourceTree</key>
			<string>&lt;group&gt;</string>
		</dict>
		<key>AA6390241B300AC900782582</key>
		<dict>
			<key>fileRef</key>
			<string>AA6390231B300AC900782582</string>
			<key>isa</key>
			<string>PBXBuildFile</string>
		</dict>
		<key>AA6390251B300AE400782582</key>
		<dict>
			<key>fileEncoding</key>
			<string>4</string>
			<key>isa</key>
			<string>PBXFileReference</string>
			<key>lastKnownFileType</key>
			<string>sourcecode.swift</string>
			<key>path</key>
			<string>AppDelegate.swift</string>
			<key>sourceTree</key>
			<string>&lt;group&gt;</string>
		</dict>
		<key>AA6390261B300AE400782582</key>
		<dict>
			<key>children</key>
			<array/>
			<key>isa</key>
			<string>PBXGroup</string>
			<key>path</key>
			<string>Base.lproj</string>
			<key>sourceTree</key>
			<string>&lt;group&gt;</string>
		</dict>
		<key>AA6390271B300AE400782582</key>
		<dict>
			<key>children</key>
			<array>
				<string>AA6390291B300AE400782582</string>
				<string>AA07A3861C7EBE1700E4312C</string>
			</array>
			<key>isa</key>
			<string>PBXGroup</string>
			<key>path</key>
			<string>Helpers</string>
			<key>sourceTree</key>
			<string>&lt;group&gt;</string>
		</dict>
		<key>AA6390291B300AE400782582</key>
		<dict>
			<key>fileEncoding</key>
			<string>4</string>
			<key>isa</key>
			<string>PBXFileReference</string>
			<key>lastKnownFileType</key>
			<string>sourcecode.swift</string>
			<key>path</key>
			<string>Constants.swift</string>
			<key>sourceTree</key>
			<string>&lt;group&gt;</string>
		</dict>
		<key>AA63902A1B300AE400782582</key>
		<dict>
			<key>children</key>
			<array>
				<string>AA63902B1B300AE400782582</string>
				<string>AA63902C1B300AE400782582</string>
			</array>
			<key>isa</key>
			<string>PBXGroup</string>
			<key>path</key>
			<string>Model</string>
			<key>sourceTree</key>
			<string>&lt;group&gt;</string>
		</dict>
		<key>AA63902B1B300AE400782582</key>
		<dict>
			<key>fileEncoding</key>
			<string>4</string>
			<key>isa</key>
			<string>PBXFileReference</string>
			<key>lastKnownFileType</key>
			<string>sourcecode.swift</string>
			<key>path</key>
			<string>BasketItem.swift</string>
			<key>sourceTree</key>
			<string>&lt;group&gt;</string>
		</dict>
		<key>AA63902C1B300AE400782582</key>
		<dict>
			<key>fileEncoding</key>
			<string>4</string>
			<key>isa</key>
			<string>PBXFileReference</string>
			<key>lastKnownFileType</key>
			<string>sourcecode.swift</string>
			<key>path</key>
			<string>Checkin.swift</string>
			<key>sourceTree</key>
			<string>&lt;group&gt;</string>
		</dict>
		<key>AA63902E1B300AE400782582</key>
		<dict>
			<key>children</key>
			<array>
				<string>AA63902F1B300AE400782582</string>
				<string>AA6390301B300AE400782582</string>
				<string>AA6390311B300AE400782582</string>
				<string>AA6390321B300AE400782582</string>
				<string>AA6390331B300AE400782582</string>
				<string>AA6390341B300AE400782582</string>
				<string>AA6390351B300AE400782582</string>
				<string>AA6390361B300AE400782582</string>
				<string>AA6390371B300AE400782582</string>
				<string>AA6390381B300AE400782582</string>
				<string>AA6390391B300AE400782582</string>
				<string>AA63903A1B300AE400782582</string>
				<string>AA125E601BC3BEBE00C70DB2</string>
				<string>AA63903B1B300AE400782582</string>
				<string>AA53B3A21BB09E8500E831B4</string>
				<string>AA00BED71BBB1D7800B83706</string>
				<string>AA256A061BBFE8B800283963</string>
				<string>AAC9FFD91BC0095700397F54</string>
				<string>AAC9FFDB1BC00E8800397F54</string>
				<string>AA125E421BC28C1700C70DB2</string>
				<string>AA125E461BC2B06000C70DB2</string>
				<string>AA125E481BC2B34100C70DB2</string>
				<string>AA125E4C1BC2B82700C70DB2</string>
				<string>AA125E4A1BC2B36400C70DB2</string>
				<string>AA125E4E1BC2B88600C70DB2</string>
				<string>AA125E501BC2EE8E00C70DB2</string>
			</array>
			<key>isa</key>
			<string>PBXGroup</string>
			<key>path</key>
			<string>View</string>
			<key>sourceTree</key>
			<string>&lt;group&gt;</string>
		</dict>
		<key>AA63902F1B300AE400782582</key>
		<dict>
			<key>fileEncoding</key>
			<string>4</string>
			<key>isa</key>
			<string>PBXFileReference</string>
			<key>lastKnownFileType</key>
			<string>sourcecode.swift</string>
			<key>path</key>
			<string>BasketProductCell.swift</string>
			<key>sourceTree</key>
			<string>&lt;group&gt;</string>
		</dict>
		<key>AA6390301B300AE400782582</key>
		<dict>
			<key>fileEncoding</key>
			<string>4</string>
			<key>isa</key>
			<string>PBXFileReference</string>
			<key>lastKnownFileType</key>
			<string>sourcecode.swift</string>
			<key>path</key>
			<string>BasketUserCell.swift</string>
			<key>sourceTree</key>
			<string>&lt;group&gt;</string>
		</dict>
		<key>AA6390311B300AE400782582</key>
		<dict>
			<key>fileEncoding</key>
			<string>4</string>
			<key>isa</key>
			<string>PBXFileReference</string>
			<key>lastKnownFileType</key>
			<string>sourcecode.swift</string>
			<key>path</key>
			<string>CheckinCell.swift</string>
			<key>sourceTree</key>
			<string>&lt;group&gt;</string>
		</dict>
		<key>AA6390321B300AE400782582</key>
		<dict>
			<key>fileEncoding</key>
			<string>4</string>
			<key>isa</key>
			<string>PBXFileReference</string>
			<key>lastKnownFileType</key>
			<string>sourcecode.swift</string>
			<key>path</key>
			<string>InitializationView.swift</string>
			<key>sourceTree</key>
			<string>&lt;group&gt;</string>
		</dict>
		<key>AA6390331B300AE400782582</key>
		<dict>
			<key>fileEncoding</key>
			<string>4</string>
			<key>isa</key>
			<string>PBXFileReference</string>
			<key>lastKnownFileType</key>
			<string>sourcecode.swift</string>
			<key>path</key>
			<string>InsertCodeView.swift</string>
			<key>sourceTree</key>
			<string>&lt;group&gt;</string>
		</dict>
		<key>AA6390341B300AE400782582</key>
		<dict>
			<key>fileEncoding</key>
			<string>4</string>
			<key>isa</key>
			<string>PBXFileReference</string>
			<key>lastKnownFileType</key>
			<string>sourcecode.swift</string>
			<key>path</key>
			<string>LogView.swift</string>
			<key>sourceTree</key>
			<string>&lt;group&gt;</string>
		</dict>
		<key>AA6390351B300AE400782582</key>
		<dict>
			<key>fileEncoding</key>
			<string>4</string>
			<key>isa</key>
			<string>PBXFileReference</string>
			<key>lastKnownFileType</key>
			<string>sourcecode.swift</string>
			<key>path</key>
			<string>ModifyPriceView.swift</string>
			<key>sourceTree</key>
			<string>&lt;group&gt;</string>
		</dict>
		<key>AA6390361B300AE400782582</key>
		<dict>
			<key>fileEncoding</key>
			<string>4</string>
			<key>isa</key>
			<string>PBXFileReference</string>
			<key>lastKnownFileType</key>
			<string>sourcecode.swift</string>
			<key>path</key>
			<string>PaymentButton.swift</string>
			<key>sourceTree</key>
			<string>&lt;group&gt;</string>
		</dict>
		<key>AA6390371B300AE400782582</key>
		<dict>
			<key>fileEncoding</key>
			<string>4</string>
			<key>isa</key>
			<string>PBXFileReference</string>
			<key>lastKnownFileType</key>
			<string>sourcecode.swift</string>
			<key>path</key>
			<string>ProductCategoryCell.swift</string>
			<key>sourceTree</key>
			<string>&lt;group&gt;</string>
		</dict>
		<key>AA6390381B300AE400782582</key>
		<dict>
			<key>fileEncoding</key>
			<string>4</string>
			<key>isa</key>
			<string>PBXFileReference</string>
			<key>lastKnownFileType</key>
			<string>sourcecode.swift</string>
			<key>path</key>
			<string>ProductCell.swift</string>
			<key>sourceTree</key>
			<string>&lt;group&gt;</string>
		</dict>
		<key>AA6390391B300AE400782582</key>
		<dict>
			<key>fileEncoding</key>
			<string>4</string>
			<key>isa</key>
			<string>PBXFileReference</string>
			<key>lastKnownFileType</key>
			<string>sourcecode.swift</string>
			<key>path</key>
			<string>ScanCardView.swift</string>
			<key>sourceTree</key>
			<string>&lt;group&gt;</string>
		</dict>
		<key>AA63903A1B300AE400782582</key>
		<dict>
			<key>fileEncoding</key>
			<string>4</string>
			<key>isa</key>
			<string>PBXFileReference</string>
			<key>lastKnownFileType</key>
			<string>sourcecode.swift</string>
			<key>path</key>
			<string>SectionheaderView.swift</string>
			<key>sourceTree</key>
			<string>&lt;group&gt;</string>
		</dict>
		<key>AA63903B1B300AE400782582</key>
		<dict>
			<key>fileEncoding</key>
			<string>4</string>
			<key>isa</key>
			<string>PBXFileReference</string>
			<key>lastKnownFileType</key>
			<string>sourcecode.swift</string>
			<key>path</key>
			<string>TransactionStatusView.swift</string>
			<key>sourceTree</key>
			<string>&lt;group&gt;</string>
		</dict>
		<key>AA63903C1B300AE400782582</key>
		<dict>
			<key>children</key>
			<array>
				<string>AA63903D1B300AE400782582</string>
				<string>AA63903E1B300AE400782582</string>
			</array>
			<key>isa</key>
			<string>PBXGroup</string>
			<key>path</key>
			<string>ViewController</string>
			<key>sourceTree</key>
			<string>&lt;group&gt;</string>
		</dict>
		<key>AA63903D1B300AE400782582</key>
		<dict>
			<key>fileEncoding</key>
			<string>4</string>
			<key>isa</key>
			<string>PBXFileReference</string>
			<key>lastKnownFileType</key>
			<string>sourcecode.swift</string>
			<key>path</key>
			<string>MainViewController.swift</string>
			<key>sourceTree</key>
			<string>&lt;group&gt;</string>
		</dict>
		<key>AA63903E1B300AE400782582</key>
		<dict>
			<key>fileEncoding</key>
			<string>4</string>
			<key>isa</key>
			<string>PBXFileReference</string>
			<key>lastKnownFileType</key>
			<string>sourcecode.swift</string>
			<key>path</key>
			<string>ScanViewController.swift</string>
			<key>sourceTree</key>
			<string>&lt;group&gt;</string>
		</dict>
		<key>AA63903F1B300AE400782582</key>
		<dict>
			<key>fileRef</key>
			<string>AA6390251B300AE400782582</string>
			<key>isa</key>
			<string>PBXBuildFile</string>
		</dict>
		<key>AA6390411B300AE400782582</key>
		<dict>
			<key>fileRef</key>
			<string>AA6390291B300AE400782582</string>
			<key>isa</key>
			<string>PBXBuildFile</string>
		</dict>
		<key>AA6390421B300AE400782582</key>
		<dict>
			<key>fileRef</key>
			<string>AA63902B1B300AE400782582</string>
			<key>isa</key>
			<string>PBXBuildFile</string>
		</dict>
		<key>AA6390431B300AE400782582</key>
		<dict>
			<key>fileRef</key>
			<string>AA63902C1B300AE400782582</string>
			<key>isa</key>
			<string>PBXBuildFile</string>
		</dict>
		<key>AA6390451B300AE400782582</key>
		<dict>
			<key>fileRef</key>
			<string>AA63902F1B300AE400782582</string>
			<key>isa</key>
			<string>PBXBuildFile</string>
		</dict>
		<key>AA6390461B300AE400782582</key>
		<dict>
			<key>fileRef</key>
			<string>AA6390301B300AE400782582</string>
			<key>isa</key>
			<string>PBXBuildFile</string>
		</dict>
		<key>AA6390471B300AE400782582</key>
		<dict>
			<key>fileRef</key>
			<string>AA6390311B300AE400782582</string>
			<key>isa</key>
			<string>PBXBuildFile</string>
		</dict>
		<key>AA6390481B300AE400782582</key>
		<dict>
			<key>fileRef</key>
			<string>AA6390321B300AE400782582</string>
			<key>isa</key>
			<string>PBXBuildFile</string>
		</dict>
		<key>AA6390491B300AE400782582</key>
		<dict>
			<key>fileRef</key>
			<string>AA6390331B300AE400782582</string>
			<key>isa</key>
			<string>PBXBuildFile</string>
		</dict>
		<key>AA63904A1B300AE400782582</key>
		<dict>
			<key>fileRef</key>
			<string>AA6390341B300AE400782582</string>
			<key>isa</key>
			<string>PBXBuildFile</string>
		</dict>
		<key>AA63904B1B300AE400782582</key>
		<dict>
			<key>fileRef</key>
			<string>AA6390351B300AE400782582</string>
			<key>isa</key>
			<string>PBXBuildFile</string>
		</dict>
		<key>AA63904C1B300AE400782582</key>
		<dict>
			<key>fileRef</key>
			<string>AA6390361B300AE400782582</string>
			<key>isa</key>
			<string>PBXBuildFile</string>
		</dict>
		<key>AA63904D1B300AE400782582</key>
		<dict>
			<key>fileRef</key>
			<string>AA6390371B300AE400782582</string>
			<key>isa</key>
			<string>PBXBuildFile</string>
		</dict>
		<key>AA63904E1B300AE400782582</key>
		<dict>
			<key>fileRef</key>
			<string>AA6390381B300AE400782582</string>
			<key>isa</key>
			<string>PBXBuildFile</string>
		</dict>
		<key>AA63904F1B300AE400782582</key>
		<dict>
			<key>fileRef</key>
			<string>AA6390391B300AE400782582</string>
			<key>isa</key>
			<string>PBXBuildFile</string>
		</dict>
		<key>AA6390501B300AE400782582</key>
		<dict>
			<key>fileRef</key>
			<string>AA63903A1B300AE400782582</string>
			<key>isa</key>
			<string>PBXBuildFile</string>
		</dict>
		<key>AA6390511B300AE400782582</key>
		<dict>
			<key>fileRef</key>
			<string>AA63903B1B300AE400782582</string>
			<key>isa</key>
			<string>PBXBuildFile</string>
		</dict>
		<key>AA6390521B300AE400782582</key>
		<dict>
			<key>fileRef</key>
			<string>AA63903D1B300AE400782582</string>
			<key>isa</key>
			<string>PBXBuildFile</string>
		</dict>
		<key>AA6390531B300AE400782582</key>
		<dict>
			<key>fileRef</key>
			<string>AA63903E1B300AE400782582</string>
			<key>isa</key>
			<string>PBXBuildFile</string>
		</dict>
		<key>AA6390541B300FAA00782582</key>
		<dict>
			<key>isa</key>
			<string>PBXFileReference</string>
			<key>lastKnownFileType</key>
			<string>wrapper.framework</string>
			<key>name</key>
			<string>CoreGraphics.framework</string>
			<key>path</key>
			<string>System/Library/Frameworks/CoreGraphics.framework</string>
			<key>sourceTree</key>
			<string>SDKROOT</string>
		</dict>
		<key>AA6390551B300FAA00782582</key>
		<dict>
			<key>fileRef</key>
			<string>AA6390541B300FAA00782582</string>
			<key>isa</key>
			<string>PBXBuildFile</string>
		</dict>
		<key>AA9A31FF1B075AD100CCF6B4</key>
		<dict>
			<key>fileEncoding</key>
			<string>4</string>
			<key>isa</key>
			<string>PBXFileReference</string>
			<key>lastKnownFileType</key>
			<string>text.json</string>
			<key>path</key>
			<string>products.json</string>
			<key>sourceTree</key>
			<string>&lt;group&gt;</string>
		</dict>
		<key>AA9A32001B075AD100CCF6B4</key>
		<dict>
			<key>fileRef</key>
			<string>AA9A31FF1B075AD100CCF6B4</string>
			<key>isa</key>
			<string>PBXBuildFile</string>
		</dict>
		<key>AA9D391A1C4CCD1F00C32E3E</key>
		<dict>
			<key>fileEncoding</key>
			<string>4</string>
			<key>isa</key>
			<string>PBXFileReference</string>
			<key>lastKnownFileType</key>
			<string>sourcecode.swift</string>
			<key>name</key>
			<string>SnapshotHelper.swift</string>
			<key>path</key>
			<string>../CashierApp/SnapshotHelper.swift</string>
			<key>sourceTree</key>
			<string>&lt;group&gt;</string>
		</dict>
		<key>AA9D391C1C4CD58D00C32E3E</key>
		<dict>
			<key>buildActionMask</key>
			<string>2147483647</string>
			<key>files</key>
			<array>
				<string>AA9D39231C4CD58D00C32E3E</string>
				<string>AA9D392B1C4CD76200C32E3E</string>
			</array>
			<key>isa</key>
			<string>PBXSourcesBuildPhase</string>
			<key>runOnlyForDeploymentPostprocessing</key>
			<string>0</string>
		</dict>
		<key>AA9D391D1C4CD58D00C32E3E</key>
		<dict>
			<key>buildActionMask</key>
			<string>2147483647</string>
			<key>files</key>
			<array/>
			<key>isa</key>
			<string>PBXFrameworksBuildPhase</string>
			<key>runOnlyForDeploymentPostprocessing</key>
			<string>0</string>
		</dict>
		<key>AA9D391E1C4CD58D00C32E3E</key>
		<dict>
			<key>buildActionMask</key>
			<string>2147483647</string>
			<key>files</key>
			<array/>
			<key>isa</key>
			<string>PBXResourcesBuildPhase</string>
			<key>runOnlyForDeploymentPostprocessing</key>
			<string>0</string>
		</dict>
		<key>AA9D391F1C4CD58D00C32E3E</key>
		<dict>
			<key>buildConfigurationList</key>
			<string>AA9D39271C4CD58E00C32E3E</string>
			<key>buildPhases</key>
			<array>
				<string>AA9D391C1C4CD58D00C32E3E</string>
				<string>AA9D391D1C4CD58D00C32E3E</string>
				<string>AA9D391E1C4CD58D00C32E3E</string>
			</array>
			<key>buildRules</key>
			<array/>
			<key>dependencies</key>
			<array>
				<string>AA9D39261C4CD58D00C32E3E</string>
			</array>
			<key>isa</key>
			<string>PBXNativeTarget</string>
			<key>name</key>
			<string>CashierApp UITests</string>
			<key>productName</key>
			<string>CashierApp UITests</string>
			<key>productReference</key>
			<string>AA9D39201C4CD58D00C32E3E</string>
			<key>productType</key>
			<string>com.apple.product-type.bundle.ui-testing</string>
		</dict>
		<key>AA9D39201C4CD58D00C32E3E</key>
		<dict>
			<key>explicitFileType</key>
			<string>wrapper.cfbundle</string>
			<key>includeInIndex</key>
			<string>0</string>
			<key>isa</key>
			<string>PBXFileReference</string>
			<key>path</key>
			<string>CashierApp UITests.xctest</string>
			<key>sourceTree</key>
			<string>BUILT_PRODUCTS_DIR</string>
		</dict>
		<key>AA9D39211C4CD58D00C32E3E</key>
		<dict>
			<key>children</key>
			<array>
				<string>AA9D39221C4CD58D00C32E3E</string>
				<string>AA9D391A1C4CCD1F00C32E3E</string>
				<string>AA9D39241C4CD58D00C32E3E</string>
			</array>
			<key>isa</key>
			<string>PBXGroup</string>
			<key>path</key>
			<string>CashierApp UITests</string>
			<key>sourceTree</key>
			<string>&lt;group&gt;</string>
		</dict>
		<key>AA9D39221C4CD58D00C32E3E</key>
		<dict>
			<key>isa</key>
			<string>PBXFileReference</string>
			<key>lastKnownFileType</key>
			<string>sourcecode.swift</string>
			<key>path</key>
			<string>CashierApp_UITests.swift</string>
			<key>sourceTree</key>
			<string>&lt;group&gt;</string>
		</dict>
		<key>AA9D39231C4CD58D00C32E3E</key>
		<dict>
			<key>fileRef</key>
			<string>AA9D39221C4CD58D00C32E3E</string>
			<key>isa</key>
			<string>PBXBuildFile</string>
		</dict>
		<key>AA9D39241C4CD58D00C32E3E</key>
		<dict>
			<key>isa</key>
			<string>PBXFileReference</string>
			<key>lastKnownFileType</key>
			<string>text.plist.xml</string>
			<key>path</key>
			<string>Info.plist</string>
			<key>sourceTree</key>
			<string>&lt;group&gt;</string>
		</dict>
		<key>AA9D39251C4CD58D00C32E3E</key>
		<dict>
			<key>containerPortal</key>
			<string>AA9DCD661B0738F20070022E</string>
			<key>isa</key>
			<string>PBXContainerItemProxy</string>
			<key>proxyType</key>
			<string>1</string>
			<key>remoteGlobalIDString</key>
			<string>AA9DCD6D1B0738F20070022E</string>
			<key>remoteInfo</key>
			<string>CashierApp</string>
		</dict>
		<key>AA9D39261C4CD58D00C32E3E</key>
		<dict>
			<key>isa</key>
			<string>PBXTargetDependency</string>
			<key>target</key>
			<string>AA9DCD6D1B0738F20070022E</string>
			<key>targetProxy</key>
			<string>AA9D39251C4CD58D00C32E3E</string>
		</dict>
		<key>AA9D39271C4CD58E00C32E3E</key>
		<dict>
			<key>buildConfigurations</key>
			<array>
				<string>AA9D39281C4CD58E00C32E3E</string>
				<string>AA9D39291C4CD58E00C32E3E</string>
				<string>AA9D392A1C4CD58E00C32E3E</string>
			</array>
			<key>defaultConfigurationIsVisible</key>
			<string>0</string>
			<key>defaultConfigurationName</key>
			<string>Release</string>
			<key>isa</key>
			<string>XCConfigurationList</string>
		</dict>
		<key>AA9D39281C4CD58E00C32E3E</key>
		<dict>
			<key>buildSettings</key>
			<dict>
				<key>DEBUG_INFORMATION_FORMAT</key>
				<string>dwarf</string>
				<key>INFOPLIST_FILE</key>
				<string>CashierApp UITests/Info.plist</string>
				<key>IPHONEOS_DEPLOYMENT_TARGET</key>
				<string>9.2</string>
				<key>LD_RUNPATH_SEARCH_PATHS</key>
				<string>$(inherited) @executable_path/Frameworks @loader_path/Frameworks</string>
				<key>PRODUCT_BUNDLE_IDENTIFIER</key>
				<string>com.secucard.CashierApp-UITests</string>
				<key>PRODUCT_NAME</key>
				<string>$(TARGET_NAME)</string>
				<key>PROVISIONING_PROFILE</key>
				<string>2fa91f00-e74f-4e4c-bd5f-e0f115725622</string>
				<key>TEST_TARGET_NAME</key>
				<string>CashierApp</string>
				<key>USES_XCTRUNNER</key>
				<string>YES</string>
			</dict>
			<key>isa</key>
			<string>XCBuildConfiguration</string>
			<key>name</key>
			<string>Debug</string>
		</dict>
		<key>AA9D39291C4CD58E00C32E3E</key>
		<dict>
			<key>buildSettings</key>
			<dict>
				<key>INFOPLIST_FILE</key>
				<string>CashierApp UITests/Info.plist</string>
				<key>IPHONEOS_DEPLOYMENT_TARGET</key>
				<string>9.2</string>
				<key>LD_RUNPATH_SEARCH_PATHS</key>
				<string>$(inherited) @executable_path/Frameworks @loader_path/Frameworks</string>
				<key>PRODUCT_BUNDLE_IDENTIFIER</key>
				<string>com.secucard.CashierApp-UITests</string>
				<key>PRODUCT_NAME</key>
				<string>$(TARGET_NAME)</string>
				<key>PROVISIONING_PROFILE</key>
				<string>2fa91f00-e74f-4e4c-bd5f-e0f115725622</string>
				<key>TEST_TARGET_NAME</key>
				<string>CashierApp</string>
				<key>USES_XCTRUNNER</key>
				<string>YES</string>
			</dict>
			<key>isa</key>
			<string>XCBuildConfiguration</string>
			<key>name</key>
			<string>Release</string>
		</dict>
		<key>AA9D392A1C4CD58E00C32E3E</key>
		<dict>
			<key>buildSettings</key>
			<dict>
				<key>INFOPLIST_FILE</key>
				<string>CashierApp UITests/Info.plist</string>
				<key>IPHONEOS_DEPLOYMENT_TARGET</key>
				<string>9.2</string>
				<key>LD_RUNPATH_SEARCH_PATHS</key>
				<string>$(inherited) @executable_path/Frameworks @loader_path/Frameworks</string>
				<key>PRODUCT_BUNDLE_IDENTIFIER</key>
				<string>com.secucard.CashierApp-UITests</string>
				<key>PRODUCT_NAME</key>
				<string>$(TARGET_NAME)</string>
				<key>PROVISIONING_PROFILE</key>
				<string>2fa91f00-e74f-4e4c-bd5f-e0f115725622</string>
				<key>TEST_TARGET_NAME</key>
				<string>CashierApp</string>
				<key>USES_XCTRUNNER</key>
				<string>YES</string>
			</dict>
			<key>isa</key>
			<string>XCBuildConfiguration</string>
			<key>name</key>
			<string>AdHoc</string>
		</dict>
		<key>AA9D392B1C4CD76200C32E3E</key>
		<dict>
			<key>fileRef</key>
			<string>AA9D391A1C4CCD1F00C32E3E</string>
			<key>isa</key>
			<string>PBXBuildFile</string>
		</dict>
		<key>AA9DCD651B0738F20070022E</key>
		<dict>
			<key>children</key>
			<array>
				<string>AA9DCD701B0738F20070022E</string>
				<string>AA9DCD861B0738F20070022E</string>
				<string>AA9D39211C4CD58D00C32E3E</string>
				<string>AA9DCD6F1B0738F20070022E</string>
				<string>D64ECBCF0DDCB0E63BB2F602</string>
				<string>6CC2FED32AB37249456528F0</string>
			</array>
			<key>isa</key>
			<string>PBXGroup</string>
			<key>sourceTree</key>
			<string>&lt;group&gt;</string>
		</dict>
		<key>AA9DCD661B0738F20070022E</key>
		<dict>
			<key>attributes</key>
			<dict>
				<key>LastSwiftUpdateCheck</key>
				<string>0720</string>
				<key>LastUpgradeCheck</key>
				<string>0700</string>
				<key>ORGANIZATIONNAME</key>
				<string>secucard</string>
				<key>TargetAttributes</key>
				<dict>
					<key>AA9D391F1C4CD58D00C32E3E</key>
					<dict>
						<key>CreatedOnToolsVersion</key>
						<string>7.2</string>
						<key>TestTargetID</key>
						<string>AA9DCD6D1B0738F20070022E</string>
					</dict>
					<key>AA9DCD6D1B0738F20070022E</key>
					<dict>
						<key>CreatedOnToolsVersion</key>
						<string>6.3.1</string>
						<key>DevelopmentTeam</key>
						<string>QWAPQRA564</string>
					</dict>
					<key>AA9DCD821B0738F20070022E</key>
					<dict>
						<key>CreatedOnToolsVersion</key>
						<string>6.3.1</string>
						<key>TestTargetID</key>
						<string>AA9DCD6D1B0738F20070022E</string>
					</dict>
				</dict>
			</dict>
			<key>buildConfigurationList</key>
			<string>AA9DCD691B0738F20070022E</string>
			<key>compatibilityVersion</key>
			<string>Xcode 3.2</string>
			<key>developmentRegion</key>
			<string>English</string>
			<key>hasScannedForEncodings</key>
			<string>0</string>
			<key>isa</key>
			<string>PBXProject</string>
			<key>knownRegions</key>
			<array>
				<string>en</string>
				<string>Base</string>
			</array>
			<key>mainGroup</key>
			<string>AA9DCD651B0738F20070022E</string>
			<key>productRefGroup</key>
			<string>AA9DCD6F1B0738F20070022E</string>
			<key>projectDirPath</key>
			<string></string>
			<key>projectReferences</key>
			<array/>
			<key>projectRoot</key>
			<string></string>
			<key>targets</key>
			<array>
				<string>AA9DCD6D1B0738F20070022E</string>
				<string>AA9DCD821B0738F20070022E</string>
				<string>AA9D391F1C4CD58D00C32E3E</string>
			</array>
		</dict>
		<key>AA9DCD691B0738F20070022E</key>
		<dict>
			<key>buildConfigurations</key>
			<array>
				<string>AA9DCD8B1B0738F20070022E</string>
				<string>AA9DCD8C1B0738F20070022E</string>
				<string>AAD49A611B3A825B00DDC734</string>
			</array>
			<key>defaultConfigurationIsVisible</key>
			<string>0</string>
			<key>defaultConfigurationName</key>
			<string>Release</string>
			<key>isa</key>
			<string>XCConfigurationList</string>
		</dict>
		<key>AA9DCD6A1B0738F20070022E</key>
		<dict>
			<key>buildActionMask</key>
			<string>2147483647</string>
			<key>files</key>
			<array>
				<string>AAC9FFDA1BC0095700397F54</string>
				<string>AA6390461B300AE400782582</string>
				<string>AA63904A1B300AE400782582</string>
				<string>AA125E431BC28C1700C70DB2</string>
				<string>AA6390451B300AE400782582</string>
				<string>AA6390421B300AE400782582</string>
				<string>AA63903F1B300AE400782582</string>
				<string>AA125E611BC3BEBE00C70DB2</string>
				<string>AA125E4D1BC2B82700C70DB2</string>
				<string>AA125E471BC2B06000C70DB2</string>
				<string>AA6390411B300AE400782582</string>
				<string>AA6390511B300AE400782582</string>
				<string>AAC9FFDC1BC00E8800397F54</string>
				<string>AA6390531B300AE400782582</string>
				<string>AA00BED81BBB1D7800B83706</string>
				<string>AA125E4F1BC2B88600C70DB2</string>
				<string>AA6390501B300AE400782582</string>
				<string>AA63904D1B300AE400782582</string>
				<string>AA6390431B300AE400782582</string>
				<string>AA6390471B300AE400782582</string>
				<string>AA07A3871C7EBE1700E4312C</string>
				<string>AA125E511BC2EE8E00C70DB2</string>
				<string>AA6390481B300AE400782582</string>
				<string>AA63904C1B300AE400782582</string>
				<string>AA63904E1B300AE400782582</string>
				<string>AA63904F1B300AE400782582</string>
				<string>AA6390491B300AE400782582</string>
				<string>AA125E4B1BC2B36400C70DB2</string>
				<string>AA53B3A31BB09E8500E831B4</string>
				<string>AA256A071BBFE8B800283963</string>
				<string>AA125E491BC2B34100C70DB2</string>
				<string>AA63904B1B300AE400782582</string>
				<string>AA6390521B300AE400782582</string>
			</array>
			<key>isa</key>
			<string>PBXSourcesBuildPhase</string>
			<key>runOnlyForDeploymentPostprocessing</key>
			<string>0</string>
		</dict>
		<key>AA9DCD6B1B0738F20070022E</key>
		<dict>
			<key>buildActionMask</key>
			<string>2147483647</string>
			<key>files</key>
			<array>
				<string>AAD49A7C1B3A94F700DDC734</string>
				<string>AAD49A7A1B3A94F000DDC734</string>
				<string>AAD49A781B3A94E800DDC734</string>
				<string>AAD49A761B3A94E000DDC734</string>
				<string>AAD49A741B3A94D700DDC734</string>
				<string>AAD49A721B3A94CC00DDC734</string>
				<string>AAD49A701B3A94C100DDC734</string>
				<string>AA6390551B300FAA00782582</string>
				<string>AA3561F51B24647A00CDECB9</string>
				<string>AA3561F71B24648500CDECB9</string>
				<string>55119865E2701100D598ABD0</string>
				<string>AA1F10721BB8128900F869C0</string>
			</array>
			<key>isa</key>
			<string>PBXFrameworksBuildPhase</string>
			<key>runOnlyForDeploymentPostprocessing</key>
			<string>0</string>
		</dict>
		<key>AA9DCD6C1B0738F20070022E</key>
		<dict>
			<key>buildActionMask</key>
			<string>2147483647</string>
			<key>files</key>
			<array>
				<string>AA9A32001B075AD100CCF6B4</string>
				<string>AA125E451BC2A89100C70DB2</string>
				<string>AA6390241B300AC900782582</string>
			</array>
			<key>isa</key>
			<string>PBXResourcesBuildPhase</string>
			<key>runOnlyForDeploymentPostprocessing</key>
			<string>0</string>
		</dict>
		<key>AA9DCD6D1B0738F20070022E</key>
		<dict>
			<key>buildConfigurationList</key>
			<string>AA9DCD8D1B0738F20070022E</string>
			<key>buildPhases</key>
			<array>
				<string>40AFBC4E04708BCDE22A109B</string>
				<string>AA9DCD6A1B0738F20070022E</string>
				<string>AA9DCD6B1B0738F20070022E</string>
				<string>AA9DCD6C1B0738F20070022E</string>
				<string>C85955427AC6E67D7E2C7ED1</string>
				<string>2AC358FE004819A17ABB7A8B</string>
			</array>
			<key>buildRules</key>
			<array/>
			<key>dependencies</key>
			<array/>
			<key>isa</key>
			<string>PBXNativeTarget</string>
			<key>name</key>
			<string>CashierApp</string>
			<key>productName</key>
			<string>CashierApp</string>
			<key>productReference</key>
			<string>AA9DCD6E1B0738F20070022E</string>
			<key>productType</key>
			<string>com.apple.product-type.application</string>
		</dict>
		<key>AA9DCD6E1B0738F20070022E</key>
		<dict>
			<key>explicitFileType</key>
			<string>wrapper.application</string>
			<key>includeInIndex</key>
			<string>0</string>
			<key>isa</key>
			<string>PBXFileReference</string>
			<key>path</key>
			<string>CashierApp.app</string>
			<key>sourceTree</key>
			<string>BUILT_PRODUCTS_DIR</string>
		</dict>
		<key>AA9DCD6F1B0738F20070022E</key>
		<dict>
			<key>children</key>
			<array>
				<string>AA9DCD6E1B0738F20070022E</string>
				<string>AA9DCD831B0738F20070022E</string>
				<string>AA9D39201C4CD58D00C32E3E</string>
			</array>
			<key>isa</key>
			<string>PBXGroup</string>
			<key>name</key>
			<string>Products</string>
			<key>sourceTree</key>
			<string>&lt;group&gt;</string>
		</dict>
		<key>AA9DCD701B0738F20070022E</key>
		<dict>
			<key>children</key>
			<array>
				<string>AA6390251B300AE400782582</string>
				<string>AA6390261B300AE400782582</string>
				<string>AA6390271B300AE400782582</string>
				<string>AA63902A1B300AE400782582</string>
				<string>AA63902E1B300AE400782582</string>
				<string>AA63903C1B300AE400782582</string>
				<string>AA9DCD711B0738F20070022E</string>
			</array>
			<key>isa</key>
			<string>PBXGroup</string>
			<key>path</key>
			<string>CashierApp</string>
			<key>sourceTree</key>
			<string>&lt;group&gt;</string>
		</dict>
		<key>AA9DCD711B0738F20070022E</key>
		<dict>
			<key>children</key>
			<array>
				<string>AA5C77DC1B334E80004ECCF7</string>
				<string>AA6390231B300AC900782582</string>
				<string>AA9DCD721B0738F20070022E</string>
				<string>AA9A31FF1B075AD100CCF6B4</string>
				<string>AA3561FA1B24662B00CDECB9</string>
				<string>AA125E441BC2A89100C70DB2</string>
			</array>
			<key>isa</key>
			<string>PBXGroup</string>
			<key>name</key>
			<string>Supporting Files</string>
			<key>sourceTree</key>
			<string>&lt;group&gt;</string>
		</dict>
		<key>AA9DCD721B0738F20070022E</key>
		<dict>
			<key>isa</key>
			<string>PBXFileReference</string>
			<key>lastKnownFileType</key>
			<string>text.plist.xml</string>
			<key>path</key>
			<string>Info.plist</string>
			<key>sourceTree</key>
			<string>&lt;group&gt;</string>
		</dict>
		<key>AA9DCD7F1B0738F20070022E</key>
		<dict>
			<key>buildActionMask</key>
			<string>2147483647</string>
			<key>files</key>
			<array>
				<string>AA9DCD8A1B0738F20070022E</string>
			</array>
			<key>isa</key>
			<string>PBXSourcesBuildPhase</string>
			<key>runOnlyForDeploymentPostprocessing</key>
			<string>0</string>
		</dict>
		<key>AA9DCD801B0738F20070022E</key>
		<dict>
			<key>buildActionMask</key>
			<string>2147483647</string>
			<key>files</key>
			<array>
				<string>05730C75583AFAA6B8584374</string>
			</array>
			<key>isa</key>
			<string>PBXFrameworksBuildPhase</string>
			<key>runOnlyForDeploymentPostprocessing</key>
			<string>0</string>
		</dict>
		<key>AA9DCD811B0738F20070022E</key>
		<dict>
			<key>buildActionMask</key>
			<string>2147483647</string>
			<key>files</key>
			<array/>
			<key>isa</key>
			<string>PBXResourcesBuildPhase</string>
			<key>runOnlyForDeploymentPostprocessing</key>
			<string>0</string>
		</dict>
		<key>AA9DCD821B0738F20070022E</key>
		<dict>
			<key>buildConfigurationList</key>
			<string>AA9DCD901B0738F20070022E</string>
			<key>buildPhases</key>
			<array>
				<string>55ACAB23D940FB83866B953B</string>
				<string>AA9DCD7F1B0738F20070022E</string>
				<string>AA9DCD801B0738F20070022E</string>
				<string>AA9DCD811B0738F20070022E</string>
				<string>C4D266C38BAC297E0BE52AF1</string>
				<string>BCF36B146C8C2621608CB10C</string>
			</array>
			<key>buildRules</key>
			<array/>
			<key>dependencies</key>
			<array>
				<string>AA9DCD851B0738F20070022E</string>
			</array>
			<key>isa</key>
			<string>PBXNativeTarget</string>
			<key>name</key>
			<string>CashierAppTests</string>
			<key>productName</key>
			<string>CashierAppTests</string>
			<key>productReference</key>
			<string>AA9DCD831B0738F20070022E</string>
			<key>productType</key>
			<string>com.apple.product-type.bundle.unit-test</string>
		</dict>
		<key>AA9DCD831B0738F20070022E</key>
		<dict>
			<key>explicitFileType</key>
			<string>wrapper.cfbundle</string>
			<key>includeInIndex</key>
			<string>0</string>
			<key>isa</key>
			<string>PBXFileReference</string>
			<key>path</key>
			<string>CashierAppTests.xctest</string>
			<key>sourceTree</key>
			<string>BUILT_PRODUCTS_DIR</string>
		</dict>
		<key>AA9DCD841B0738F20070022E</key>
		<dict>
			<key>containerPortal</key>
			<string>AA9DCD661B0738F20070022E</string>
			<key>isa</key>
			<string>PBXContainerItemProxy</string>
			<key>proxyType</key>
			<string>1</string>
			<key>remoteGlobalIDString</key>
			<string>AA9DCD6D1B0738F20070022E</string>
			<key>remoteInfo</key>
			<string>CashierApp</string>
		</dict>
		<key>AA9DCD851B0738F20070022E</key>
		<dict>
			<key>isa</key>
			<string>PBXTargetDependency</string>
			<key>target</key>
			<string>AA9DCD6D1B0738F20070022E</string>
			<key>targetProxy</key>
			<string>AA9DCD841B0738F20070022E</string>
		</dict>
		<key>AA9DCD861B0738F20070022E</key>
		<dict>
			<key>children</key>
			<array>
				<string>AA9DCD891B0738F20070022E</string>
				<string>AA9DCD871B0738F20070022E</string>
			</array>
			<key>isa</key>
			<string>PBXGroup</string>
			<key>path</key>
			<string>CashierAppTests</string>
			<key>sourceTree</key>
			<string>&lt;group&gt;</string>
		</dict>
		<key>AA9DCD871B0738F20070022E</key>
		<dict>
			<key>children</key>
			<array>
				<string>AA9DCD881B0738F20070022E</string>
			</array>
			<key>isa</key>
			<string>PBXGroup</string>
			<key>name</key>
			<string>Supporting Files</string>
			<key>sourceTree</key>
			<string>&lt;group&gt;</string>
		</dict>
		<key>AA9DCD881B0738F20070022E</key>
		<dict>
			<key>isa</key>
			<string>PBXFileReference</string>
			<key>lastKnownFileType</key>
			<string>text.plist.xml</string>
			<key>path</key>
			<string>Info.plist</string>
			<key>sourceTree</key>
			<string>&lt;group&gt;</string>
		</dict>
		<key>AA9DCD891B0738F20070022E</key>
		<dict>
			<key>isa</key>
			<string>PBXFileReference</string>
			<key>lastKnownFileType</key>
			<string>sourcecode.swift</string>
			<key>path</key>
			<string>CashierAppTests.swift</string>
			<key>sourceTree</key>
			<string>&lt;group&gt;</string>
		</dict>
		<key>AA9DCD8A1B0738F20070022E</key>
		<dict>
			<key>fileRef</key>
			<string>AA9DCD891B0738F20070022E</string>
			<key>isa</key>
			<string>PBXBuildFile</string>
		</dict>
		<key>AA9DCD8B1B0738F20070022E</key>
		<dict>
			<key>buildSettings</key>
			<dict>
				<key>ALWAYS_SEARCH_USER_PATHS</key>
				<string>NO</string>
				<key>CLANG_CXX_LANGUAGE_STANDARD</key>
				<string>gnu++0x</string>
				<key>CLANG_CXX_LIBRARY</key>
				<string>libc++</string>
				<key>CLANG_ENABLE_MODULES</key>
				<string>YES</string>
				<key>CLANG_ENABLE_OBJC_ARC</key>
				<string>YES</string>
				<key>CLANG_WARN_BOOL_CONVERSION</key>
				<string>YES</string>
				<key>CLANG_WARN_CONSTANT_CONVERSION</key>
				<string>YES</string>
				<key>CLANG_WARN_DIRECT_OBJC_ISA_USAGE</key>
				<string>YES_ERROR</string>
				<key>CLANG_WARN_EMPTY_BODY</key>
				<string>YES</string>
				<key>CLANG_WARN_ENUM_CONVERSION</key>
				<string>YES</string>
				<key>CLANG_WARN_INT_CONVERSION</key>
				<string>YES</string>
				<key>CLANG_WARN_OBJC_ROOT_CLASS</key>
				<string>YES_ERROR</string>
				<key>CLANG_WARN_UNREACHABLE_CODE</key>
				<string>YES</string>
				<key>CLANG_WARN__DUPLICATE_METHOD_MATCH</key>
				<string>YES</string>
				<key>CODE_SIGN_IDENTITY[sdk=iphoneos*]</key>
				<string>iPhone Developer</string>
				<key>COPY_PHASE_STRIP</key>
				<string>NO</string>
				<key>DEBUG_INFORMATION_FORMAT</key>
				<string>dwarf-with-dsym</string>
				<key>ENABLE_STRICT_OBJC_MSGSEND</key>
				<string>YES</string>
				<key>ENABLE_TESTABILITY</key>
				<string>YES</string>
				<key>GCC_C_LANGUAGE_STANDARD</key>
				<string>gnu99</string>
				<key>GCC_DYNAMIC_NO_PIC</key>
				<string>NO</string>
				<key>GCC_NO_COMMON_BLOCKS</key>
				<string>YES</string>
				<key>GCC_OPTIMIZATION_LEVEL</key>
				<string>0</string>
				<key>GCC_PREPROCESSOR_DEFINITIONS</key>
				<array>
					<string>DEBUG=1</string>
					<string>$(inherited)</string>
				</array>
				<key>GCC_SYMBOLS_PRIVATE_EXTERN</key>
				<string>NO</string>
				<key>GCC_WARN_64_TO_32_BIT_CONVERSION</key>
				<string>YES</string>
				<key>GCC_WARN_ABOUT_RETURN_TYPE</key>
				<string>YES_ERROR</string>
				<key>GCC_WARN_UNDECLARED_SELECTOR</key>
				<string>YES</string>
				<key>GCC_WARN_UNINITIALIZED_AUTOS</key>
				<string>YES_AGGRESSIVE</string>
				<key>GCC_WARN_UNUSED_FUNCTION</key>
				<string>YES</string>
				<key>GCC_WARN_UNUSED_VARIABLE</key>
				<string>YES</string>
				<key>IPHONEOS_DEPLOYMENT_TARGET</key>
				<string>8.3</string>
				<key>MTL_ENABLE_DEBUG_INFO</key>
				<string>YES</string>
				<key>ONLY_ACTIVE_ARCH</key>
				<string>YES</string>
				<key>SDKROOT</key>
				<string>iphoneos</string>
				<key>SWIFT_OBJC_BRIDGING_HEADER</key>
				<string></string>
				<key>SWIFT_OPTIMIZATION_LEVEL</key>
				<string>-Onone</string>
				<key>TARGETED_DEVICE_FAMILY</key>
				<string>2</string>
			</dict>
			<key>isa</key>
			<string>XCBuildConfiguration</string>
			<key>name</key>
			<string>Debug</string>
		</dict>
		<key>AA9DCD8C1B0738F20070022E</key>
		<dict>
			<key>buildSettings</key>
			<dict>
				<key>ALWAYS_SEARCH_USER_PATHS</key>
				<string>NO</string>
				<key>CLANG_CXX_LANGUAGE_STANDARD</key>
				<string>gnu++0x</string>
				<key>CLANG_CXX_LIBRARY</key>
				<string>libc++</string>
				<key>CLANG_ENABLE_MODULES</key>
				<string>YES</string>
				<key>CLANG_ENABLE_OBJC_ARC</key>
				<string>YES</string>
				<key>CLANG_WARN_BOOL_CONVERSION</key>
				<string>YES</string>
				<key>CLANG_WARN_CONSTANT_CONVERSION</key>
				<string>YES</string>
				<key>CLANG_WARN_DIRECT_OBJC_ISA_USAGE</key>
				<string>YES_ERROR</string>
				<key>CLANG_WARN_EMPTY_BODY</key>
				<string>YES</string>
				<key>CLANG_WARN_ENUM_CONVERSION</key>
				<string>YES</string>
				<key>CLANG_WARN_INT_CONVERSION</key>
				<string>YES</string>
				<key>CLANG_WARN_OBJC_ROOT_CLASS</key>
				<string>YES_ERROR</string>
				<key>CLANG_WARN_UNREACHABLE_CODE</key>
				<string>YES</string>
				<key>CLANG_WARN__DUPLICATE_METHOD_MATCH</key>
				<string>YES</string>
				<key>CODE_SIGN_IDENTITY[sdk=iphoneos*]</key>
				<string>iPhone Developer</string>
				<key>COPY_PHASE_STRIP</key>
				<string>NO</string>
				<key>DEBUG_INFORMATION_FORMAT</key>
				<string>dwarf-with-dsym</string>
				<key>ENABLE_NS_ASSERTIONS</key>
				<string>NO</string>
				<key>ENABLE_STRICT_OBJC_MSGSEND</key>
				<string>YES</string>
				<key>GCC_C_LANGUAGE_STANDARD</key>
				<string>gnu99</string>
				<key>GCC_NO_COMMON_BLOCKS</key>
				<string>YES</string>
				<key>GCC_WARN_64_TO_32_BIT_CONVERSION</key>
				<string>YES</string>
				<key>GCC_WARN_ABOUT_RETURN_TYPE</key>
				<string>YES_ERROR</string>
				<key>GCC_WARN_UNDECLARED_SELECTOR</key>
				<string>YES</string>
				<key>GCC_WARN_UNINITIALIZED_AUTOS</key>
				<string>YES_AGGRESSIVE</string>
				<key>GCC_WARN_UNUSED_FUNCTION</key>
				<string>YES</string>
				<key>GCC_WARN_UNUSED_VARIABLE</key>
				<string>YES</string>
				<key>IPHONEOS_DEPLOYMENT_TARGET</key>
				<string>8.3</string>
				<key>MTL_ENABLE_DEBUG_INFO</key>
				<string>NO</string>
				<key>SDKROOT</key>
				<string>iphoneos</string>
				<key>SWIFT_OBJC_BRIDGING_HEADER</key>
				<string></string>
				<key>TARGETED_DEVICE_FAMILY</key>
				<string>2</string>
				<key>VALIDATE_PRODUCT</key>
				<string>YES</string>
			</dict>
			<key>isa</key>
			<string>XCBuildConfiguration</string>
			<key>name</key>
			<string>Release</string>
		</dict>
		<key>AA9DCD8D1B0738F20070022E</key>
		<dict>
			<key>buildConfigurations</key>
			<array>
				<string>AA9DCD8E1B0738F20070022E</string>
				<string>AA9DCD8F1B0738F20070022E</string>
				<string>AAD49A621B3A825B00DDC734</string>
			</array>
			<key>defaultConfigurationIsVisible</key>
			<string>0</string>
			<key>defaultConfigurationName</key>
			<string>Release</string>
			<key>isa</key>
			<string>XCConfigurationList</string>
		</dict>
		<key>AA9DCD8E1B0738F20070022E</key>
		<dict>
			<key>baseConfigurationReference</key>
			<string>DAC65AD02C3169F4D14482F7</string>
			<key>buildSettings</key>
			<dict>
				<key>ALWAYS_SEARCH_USER_PATHS</key>
				<string>NO</string>
				<key>ASSETCATALOG_COMPILER_APPICON_NAME</key>
				<string>AppIcon</string>
				<key>ASSETCATALOG_COMPILER_LAUNCHIMAGE_NAME</key>
				<string>LaunchImage</string>
				<key>CLANG_ENABLE_MODULES</key>
				<string>YES</string>
				<key>CLANG_WARN_UNREACHABLE_CODE</key>
				<string>NO</string>
				<key>CODE_SIGN_IDENTITY</key>
				<string></string>
				<key>CODE_SIGN_IDENTITY[sdk=iphoneos*]</key>
				<string></string>
				<key>DEFINES_MODULE</key>
				<string>YES</string>
				<key>ENABLE_BITCODE</key>
				<string>NO</string>
				<key>ENABLE_STRICT_OBJC_MSGSEND</key>
				<string>NO</string>
				<key>FRAMEWORK_SEARCH_PATHS</key>
				<array>
					<string>$(inherited)</string>
					<string>$PODS_FRAMEWORK_BUILD_PATH</string>
					<string>$(PROJECT_DIR)/Pods/HockeySDK/HockeySDK-iOS/HockeySDK.embeddedframework</string>
				</array>
				<key>GCC_NO_COMMON_BLOCKS</key>
				<string>NO</string>
				<key>GCC_PRECOMPILE_PREFIX_HEADER</key>
				<string>YES</string>
				<key>GCC_PREFIX_HEADER</key>
				<string>CashierApp/PrefixHeader.pch</string>
				<key>HEADER_SEARCH_PATHS</key>
				<array>
					<string>"${PODS_ROOT}/Headers/Public"</string>
					<string>$(inherited)</string>
				</array>
				<key>INFOPLIST_FILE</key>
				<string>CashierApp/Info.plist</string>
				<key>IPHONEOS_DEPLOYMENT_TARGET</key>
				<string>8.0</string>
				<key>LD_RUNPATH_SEARCH_PATHS</key>
				<string>$(inherited) @executable_path/Frameworks</string>
				<key>MTL_ENABLE_DEBUG_INFO</key>
				<string>NO</string>
				<key>PRODUCT_BUNDLE_IDENTIFIER</key>
				<string>com.secucard.app.ios.secucard.cashierapp</string>
				<key>PRODUCT_NAME</key>
				<string>$(TARGET_NAME)</string>
				<key>PROVISIONING_PROFILE</key>
				<string>a1b78fe6-fb94-4dcf-b829-a9ba4e316941</string>
				<key>SWIFT_OBJC_BRIDGING_HEADER</key>
				<string>CashierApp/CashierApp-Bridging-Header.h</string>
				<key>SWIFT_OPTIMIZATION_LEVEL</key>
				<string>-Onone</string>
				<key>USER_HEADER_SEARCH_PATHS</key>
				<string>$(inherited)</string>
				<key>VALID_ARCHS</key>
				<string>arm64 armv7s armv7</string>
			</dict>
			<key>isa</key>
			<string>XCBuildConfiguration</string>
			<key>name</key>
			<string>Debug</string>
		</dict>
		<key>AA9DCD8F1B0738F20070022E</key>
		<dict>
			<key>baseConfigurationReference</key>
			<string>85BDFBE62AAACCE3DE19A59E</string>
			<key>buildSettings</key>
			<dict>
				<key>ALWAYS_SEARCH_USER_PATHS</key>
				<string>NO</string>
				<key>ASSETCATALOG_COMPILER_APPICON_NAME</key>
				<string>AppIcon</string>
				<key>ASSETCATALOG_COMPILER_LAUNCHIMAGE_NAME</key>
				<string>LaunchImage</string>
				<key>CLANG_ENABLE_MODULES</key>
				<string>YES</string>
				<key>CLANG_WARN_UNREACHABLE_CODE</key>
				<string>NO</string>
				<key>CODE_SIGN_IDENTITY</key>
				<string>iPhone Distribution: hp.weber GmbH &amp; Co secucard KG (QWAPQRA564)</string>
				<key>CODE_SIGN_IDENTITY[sdk=iphoneos*]</key>
				<string></string>
				<key>COPY_PHASE_STRIP</key>
				<string>YES</string>
				<key>DEFINES_MODULE</key>
				<string>YES</string>
				<key>ENABLE_BITCODE</key>
				<string>NO</string>
				<key>ENABLE_STRICT_OBJC_MSGSEND</key>
				<string>NO</string>
				<key>FRAMEWORK_SEARCH_PATHS</key>
				<array>
					<string>$(inherited)</string>
					<string>$PODS_FRAMEWORK_BUILD_PATH</string>
					<string>$(PROJECT_DIR)/Pods/HockeySDK/HockeySDK-iOS/HockeySDK.embeddedframework</string>
				</array>
				<key>GCC_NO_COMMON_BLOCKS</key>
				<string>NO</string>
				<key>GCC_PRECOMPILE_PREFIX_HEADER</key>
				<string>YES</string>
				<key>GCC_PREFIX_HEADER</key>
				<string>CashierApp/PrefixHeader.pch</string>
				<key>HEADER_SEARCH_PATHS</key>
				<array>
					<string>"${PODS_ROOT}/Headers/Public"</string>
					<string>$(inherited)</string>
				</array>
				<key>INFOPLIST_FILE</key>
				<string>CashierApp/Info.plist</string>
				<key>IPHONEOS_DEPLOYMENT_TARGET</key>
				<string>8.0</string>
				<key>LD_RUNPATH_SEARCH_PATHS</key>
				<string>$(inherited) @executable_path/Frameworks</string>
				<key>PRODUCT_BUNDLE_IDENTIFIER</key>
				<string>com.secucard.app.ios.secucard.cashierapp</string>
				<key>PRODUCT_NAME</key>
				<string>$(TARGET_NAME)</string>
				<key>PROVISIONING_PROFILE</key>
				<string>2fa91f00-e74f-4e4c-bd5f-e0f115725622</string>
				<key>SWIFT_OBJC_BRIDGING_HEADER</key>
				<string>CashierApp/CashierApp-Bridging-Header.h</string>
				<key>USER_HEADER_SEARCH_PATHS</key>
				<string>$(inherited)</string>
				<key>VALID_ARCHS</key>
				<string>arm64 armv7s armv7</string>
			</dict>
			<key>isa</key>
			<string>XCBuildConfiguration</string>
			<key>name</key>
			<string>Release</string>
		</dict>
		<key>AA9DCD901B0738F20070022E</key>
		<dict>
			<key>buildConfigurations</key>
			<array>
				<string>AA9DCD911B0738F20070022E</string>
				<string>AA9DCD921B0738F20070022E</string>
				<string>AAD49A631B3A825B00DDC734</string>
			</array>
			<key>defaultConfigurationIsVisible</key>
			<string>0</string>
			<key>defaultConfigurationName</key>
			<string>Release</string>
			<key>isa</key>
			<string>XCConfigurationList</string>
		</dict>
		<key>AA9DCD911B0738F20070022E</key>
		<dict>
			<key>baseConfigurationReference</key>
			<string>BB399544EBC40ACCFD3DB676</string>
			<key>buildSettings</key>
			<dict>
				<key>BUNDLE_LOADER</key>
				<string>$(TEST_HOST)</string>
				<key>ENABLE_BITCODE</key>
				<string>NO</string>
				<key>FRAMEWORK_SEARCH_PATHS</key>
				<array>
					<string>$(SDKROOT)/Developer/Library/Frameworks</string>
					<string>$(inherited)</string>
				</array>
				<key>GCC_PREPROCESSOR_DEFINITIONS</key>
				<array>
					<string>DEBUG=1</string>
					<string>$(inherited)</string>
				</array>
				<key>INFOPLIST_FILE</key>
				<string>CashierAppTests/Info.plist</string>
				<key>LD_RUNPATH_SEARCH_PATHS</key>
				<string>$(inherited) @executable_path/Frameworks @loader_path/Frameworks</string>
				<key>PRODUCT_BUNDLE_IDENTIFIER</key>
				<string>com.secucard.app.ios.secucard.cashierapp</string>
				<key>PRODUCT_NAME</key>
				<string>$(TARGET_NAME)</string>
				<key>SWIFT_INSTALL_OBJC_HEADER</key>
				<string>YES</string>
				<key>TEST_HOST</key>
				<string>$(BUILT_PRODUCTS_DIR)/CashierApp.app/CashierApp</string>
			</dict>
			<key>isa</key>
			<string>XCBuildConfiguration</string>
			<key>name</key>
			<string>Debug</string>
		</dict>
		<key>AA9DCD921B0738F20070022E</key>
		<dict>
			<key>baseConfigurationReference</key>
			<string>8B28CDF5AC7601FA64924830</string>
			<key>buildSettings</key>
			<dict>
				<key>BUNDLE_LOADER</key>
				<string>$(TEST_HOST)</string>
				<key>ENABLE_BITCODE</key>
				<string>NO</string>
				<key>FRAMEWORK_SEARCH_PATHS</key>
				<array>
					<string>$(SDKROOT)/Developer/Library/Frameworks</string>
					<string>$(inherited)</string>
				</array>
				<key>INFOPLIST_FILE</key>
				<string>CashierAppTests/Info.plist</string>
				<key>LD_RUNPATH_SEARCH_PATHS</key>
				<string>$(inherited) @executable_path/Frameworks @loader_path/Frameworks</string>
				<key>PRODUCT_BUNDLE_IDENTIFIER</key>
				<string>com.secucard.app.ios.secucard.cashierapp</string>
				<key>PRODUCT_NAME</key>
				<string>$(TARGET_NAME)</string>
				<key>SWIFT_INSTALL_OBJC_HEADER</key>
				<string>YES</string>
				<key>TEST_HOST</key>
				<string>$(BUILT_PRODUCTS_DIR)/CashierApp.app/CashierApp</string>
			</dict>
			<key>isa</key>
			<string>XCBuildConfiguration</string>
			<key>name</key>
			<string>Release</string>
		</dict>
		<key>AAC9FFD91BC0095700397F54</key>
		<dict>
			<key>fileEncoding</key>
			<string>4</string>
			<key>isa</key>
			<string>PBXFileReference</string>
			<key>lastKnownFileType</key>
			<string>sourcecode.swift</string>
			<key>path</key>
			<string>AddProductView.swift</string>
			<key>sourceTree</key>
			<string>&lt;group&gt;</string>
		</dict>
		<key>AAC9FFDA1BC0095700397F54</key>
		<dict>
			<key>fileRef</key>
			<string>AAC9FFD91BC0095700397F54</string>
			<key>isa</key>
			<string>PBXBuildFile</string>
		</dict>
		<key>AAC9FFDB1BC00E8800397F54</key>
		<dict>
			<key>fileEncoding</key>
			<string>4</string>
			<key>isa</key>
			<string>PBXFileReference</string>
			<key>lastKnownFileType</key>
			<string>sourcecode.swift</string>
			<key>path</key>
			<string>TextInputField.swift</string>
			<key>sourceTree</key>
			<string>&lt;group&gt;</string>
		</dict>
		<key>AAC9FFDC1BC00E8800397F54</key>
		<dict>
			<key>fileRef</key>
			<string>AAC9FFDB1BC00E8800397F54</string>
			<key>isa</key>
			<string>PBXBuildFile</string>
		</dict>
		<key>AAD49A611B3A825B00DDC734</key>
		<dict>
			<key>buildSettings</key>
			<dict>
				<key>ALWAYS_SEARCH_USER_PATHS</key>
				<string>NO</string>
				<key>CLANG_CXX_LANGUAGE_STANDARD</key>
				<string>gnu++0x</string>
				<key>CLANG_CXX_LIBRARY</key>
				<string>libc++</string>
				<key>CLANG_ENABLE_MODULES</key>
				<string>YES</string>
				<key>CLANG_ENABLE_OBJC_ARC</key>
				<string>YES</string>
				<key>CLANG_WARN_BOOL_CONVERSION</key>
				<string>YES</string>
				<key>CLANG_WARN_CONSTANT_CONVERSION</key>
				<string>YES</string>
				<key>CLANG_WARN_DIRECT_OBJC_ISA_USAGE</key>
				<string>YES_ERROR</string>
				<key>CLANG_WARN_EMPTY_BODY</key>
				<string>YES</string>
				<key>CLANG_WARN_ENUM_CONVERSION</key>
				<string>YES</string>
				<key>CLANG_WARN_INT_CONVERSION</key>
				<string>YES</string>
				<key>CLANG_WARN_OBJC_ROOT_CLASS</key>
				<string>YES_ERROR</string>
				<key>CLANG_WARN_UNREACHABLE_CODE</key>
				<string>YES</string>
				<key>CLANG_WARN__DUPLICATE_METHOD_MATCH</key>
				<string>YES</string>
				<key>CODE_SIGN_IDENTITY[sdk=iphoneos*]</key>
				<string>iPhone Developer</string>
				<key>COPY_PHASE_STRIP</key>
				<string>NO</string>
				<key>DEBUG_INFORMATION_FORMAT</key>
				<string>dwarf-with-dsym</string>
				<key>ENABLE_NS_ASSERTIONS</key>
				<string>NO</string>
				<key>ENABLE_STRICT_OBJC_MSGSEND</key>
				<string>YES</string>
				<key>GCC_C_LANGUAGE_STANDARD</key>
				<string>gnu99</string>
				<key>GCC_NO_COMMON_BLOCKS</key>
				<string>YES</string>
				<key>GCC_WARN_64_TO_32_BIT_CONVERSION</key>
				<string>YES</string>
				<key>GCC_WARN_ABOUT_RETURN_TYPE</key>
				<string>YES_ERROR</string>
				<key>GCC_WARN_UNDECLARED_SELECTOR</key>
				<string>YES</string>
				<key>GCC_WARN_UNINITIALIZED_AUTOS</key>
				<string>YES_AGGRESSIVE</string>
				<key>GCC_WARN_UNUSED_FUNCTION</key>
				<string>YES</string>
				<key>GCC_WARN_UNUSED_VARIABLE</key>
				<string>YES</string>
				<key>IPHONEOS_DEPLOYMENT_TARGET</key>
				<string>8.3</string>
				<key>MTL_ENABLE_DEBUG_INFO</key>
				<string>NO</string>
				<key>SDKROOT</key>
				<string>iphoneos</string>
				<key>SWIFT_OBJC_BRIDGING_HEADER</key>
				<string></string>
				<key>TARGETED_DEVICE_FAMILY</key>
				<string>2</string>
				<key>VALIDATE_PRODUCT</key>
				<string>YES</string>
			</dict>
			<key>isa</key>
			<string>XCBuildConfiguration</string>
			<key>name</key>
			<string>AdHoc</string>
		</dict>
		<key>AAD49A621B3A825B00DDC734</key>
		<dict>
			<key>baseConfigurationReference</key>
			<string>CB95D452357BBE97F1DC460E</string>
			<key>buildSettings</key>
			<dict>
				<key>ALWAYS_SEARCH_USER_PATHS</key>
				<string>NO</string>
				<key>ASSETCATALOG_COMPILER_APPICON_NAME</key>
				<string>AppIcon</string>
				<key>ASSETCATALOG_COMPILER_LAUNCHIMAGE_NAME</key>
				<string>LaunchImage</string>
				<key>CLANG_ENABLE_MODULES</key>
				<string>YES</string>
				<key>CLANG_WARN_UNREACHABLE_CODE</key>
				<string>NO</string>
				<key>CODE_SIGN_IDENTITY</key>
				<string>iPhone Distribution: hp.weber GmbH &amp; Co secucard KG (QWAPQRA564)</string>
				<key>CODE_SIGN_IDENTITY[sdk=iphoneos*]</key>
				<string></string>
				<key>COPY_PHASE_STRIP</key>
				<string>YES</string>
				<key>DEFINES_MODULE</key>
				<string>YES</string>
				<key>ENABLE_BITCODE</key>
				<string>NO</string>
				<key>ENABLE_STRICT_OBJC_MSGSEND</key>
				<string>NO</string>
				<key>FRAMEWORK_SEARCH_PATHS</key>
				<array>
					<string>$(inherited)</string>
					<string>$PODS_FRAMEWORK_BUILD_PATH</string>
					<string>$(PROJECT_DIR)/Pods/HockeySDK/HockeySDK-iOS/HockeySDK.embeddedframework</string>
				</array>
				<key>GCC_NO_COMMON_BLOCKS</key>
				<string>NO</string>
				<key>GCC_PRECOMPILE_PREFIX_HEADER</key>
				<string>YES</string>
				<key>GCC_PREFIX_HEADER</key>
				<string>CashierApp/PrefixHeader.pch</string>
				<key>HEADER_SEARCH_PATHS</key>
				<array>
					<string>"${PODS_ROOT}/Headers/Public"</string>
					<string>$(inherited)</string>
				</array>
				<key>INFOPLIST_FILE</key>
				<string>CashierApp/Info.plist</string>
				<key>IPHONEOS_DEPLOYMENT_TARGET</key>
				<string>8.0</string>
				<key>LD_RUNPATH_SEARCH_PATHS</key>
				<string>$(inherited) @executable_path/Frameworks</string>
				<key>PRODUCT_BUNDLE_IDENTIFIER</key>
				<string>com.secucard.app.ios.secucard.cashierapp</string>
				<key>PRODUCT_NAME</key>
				<string>$(TARGET_NAME)</string>
				<key>PROVISIONING_PROFILE</key>
				<string>939832ab-3b7c-4349-a737-a301b247b150</string>
				<key>SWIFT_OBJC_BRIDGING_HEADER</key>
				<string>CashierApp/CashierApp-Bridging-Header.h</string>
				<key>USER_HEADER_SEARCH_PATHS</key>
				<string>$(inherited)</string>
				<key>VALID_ARCHS</key>
				<string>arm64 armv7s armv7</string>
			</dict>
			<key>isa</key>
			<string>XCBuildConfiguration</string>
			<key>name</key>
			<string>AdHoc</string>
		</dict>
		<key>AAD49A631B3A825B00DDC734</key>
		<dict>
			<key>baseConfigurationReference</key>
			<string>B858216FF13B0DA3A7FFEBB0</string>
			<key>buildSettings</key>
			<dict>
				<key>BUNDLE_LOADER</key>
				<string>$(TEST_HOST)</string>
				<key>ENABLE_BITCODE</key>
				<string>NO</string>
				<key>FRAMEWORK_SEARCH_PATHS</key>
				<array>
					<string>$(SDKROOT)/Developer/Library/Frameworks</string>
					<string>$(inherited)</string>
				</array>
				<key>INFOPLIST_FILE</key>
				<string>CashierAppTests/Info.plist</string>
				<key>LD_RUNPATH_SEARCH_PATHS</key>
				<string>$(inherited) @executable_path/Frameworks @loader_path/Frameworks</string>
				<key>PRODUCT_BUNDLE_IDENTIFIER</key>
				<string>com.secucard.app.ios.secucard.cashierapp</string>
				<key>PRODUCT_NAME</key>
				<string>$(TARGET_NAME)</string>
				<key>SWIFT_INSTALL_OBJC_HEADER</key>
				<string>YES</string>
				<key>TEST_HOST</key>
				<string>$(BUILT_PRODUCTS_DIR)/CashierApp.app/CashierApp</string>
			</dict>
			<key>isa</key>
			<string>XCBuildConfiguration</string>
			<key>name</key>
			<string>AdHoc</string>
		</dict>
		<key>AAD49A6F1B3A94C100DDC734</key>
		<dict>
			<key>isa</key>
			<string>PBXFileReference</string>
			<key>lastKnownFileType</key>
			<string>wrapper.framework</string>
			<key>name</key>
			<string>AssetsLibrary.framework</string>
			<key>path</key>
			<string>System/Library/Frameworks/AssetsLibrary.framework</string>
			<key>sourceTree</key>
			<string>SDKROOT</string>
		</dict>
		<key>AAD49A701B3A94C100DDC734</key>
		<dict>
			<key>fileRef</key>
			<string>AAD49A6F1B3A94C100DDC734</string>
			<key>isa</key>
			<string>PBXBuildFile</string>
		</dict>
		<key>AAD49A711B3A94CC00DDC734</key>
		<dict>
			<key>isa</key>
			<string>PBXFileReference</string>
			<key>lastKnownFileType</key>
			<string>wrapper.framework</string>
			<key>name</key>
			<string>CoreText.framework</string>
			<key>path</key>
			<string>System/Library/Frameworks/CoreText.framework</string>
			<key>sourceTree</key>
			<string>SDKROOT</string>
		</dict>
		<key>AAD49A721B3A94CC00DDC734</key>
		<dict>
			<key>fileRef</key>
			<string>AAD49A711B3A94CC00DDC734</string>
			<key>isa</key>
			<string>PBXBuildFile</string>
		</dict>
		<key>AAD49A731B3A94D700DDC734</key>
		<dict>
			<key>isa</key>
			<string>PBXFileReference</string>
			<key>lastKnownFileType</key>
			<string>wrapper.framework</string>
			<key>name</key>
			<string>MobileCoreServices.framework</string>
			<key>path</key>
			<string>System/Library/Frameworks/MobileCoreServices.framework</string>
			<key>sourceTree</key>
			<string>SDKROOT</string>
		</dict>
		<key>AAD49A741B3A94D700DDC734</key>
		<dict>
			<key>fileRef</key>
			<string>AAD49A731B3A94D700DDC734</string>
			<key>isa</key>
			<string>PBXBuildFile</string>
		</dict>
		<key>AAD49A751B3A94E000DDC734</key>
		<dict>
			<key>isa</key>
			<string>PBXFileReference</string>
			<key>lastKnownFileType</key>
			<string>wrapper.framework</string>
			<key>name</key>
			<string>QuartzCore.framework</string>
			<key>path</key>
			<string>System/Library/Frameworks/QuartzCore.framework</string>
			<key>sourceTree</key>
			<string>SDKROOT</string>
		</dict>
		<key>AAD49A761B3A94E000DDC734</key>
		<dict>
			<key>fileRef</key>
			<string>AAD49A751B3A94E000DDC734</string>
			<key>isa</key>
			<string>PBXBuildFile</string>
		</dict>
		<key>AAD49A771B3A94E800DDC734</key>
		<dict>
			<key>isa</key>
			<string>PBXFileReference</string>
			<key>lastKnownFileType</key>
			<string>wrapper.framework</string>
			<key>name</key>
			<string>QuickLook.framework</string>
			<key>path</key>
			<string>System/Library/Frameworks/QuickLook.framework</string>
			<key>sourceTree</key>
			<string>SDKROOT</string>
		</dict>
		<key>AAD49A781B3A94E800DDC734</key>
		<dict>
			<key>fileRef</key>
			<string>AAD49A771B3A94E800DDC734</string>
			<key>isa</key>
			<string>PBXBuildFile</string>
		</dict>
		<key>AAD49A791B3A94F000DDC734</key>
		<dict>
			<key>isa</key>
			<string>PBXFileReference</string>
			<key>lastKnownFileType</key>
			<string>wrapper.framework</string>
			<key>name</key>
			<string>Security.framework</string>
			<key>path</key>
			<string>System/Library/Frameworks/Security.framework</string>
			<key>sourceTree</key>
			<string>SDKROOT</string>
		</dict>
		<key>AAD49A7A1B3A94F000DDC734</key>
		<dict>
			<key>fileRef</key>
			<string>AAD49A791B3A94F000DDC734</string>
			<key>isa</key>
			<string>PBXBuildFile</string>
		</dict>
		<key>AAD49A7B1B3A94F700DDC734</key>
		<dict>
			<key>isa</key>
			<string>PBXFileReference</string>
			<key>lastKnownFileType</key>
			<string>wrapper.framework</string>
			<key>name</key>
			<string>SystemConfiguration.framework</string>
			<key>path</key>
			<string>System/Library/Frameworks/SystemConfiguration.framework</string>
			<key>sourceTree</key>
			<string>SDKROOT</string>
		</dict>
		<key>AAD49A7C1B3A94F700DDC734</key>
		<dict>
			<key>fileRef</key>
			<string>AAD49A7B1B3A94F700DDC734</string>
			<key>isa</key>
			<string>PBXBuildFile</string>
		</dict>
		<key>AAD49A7D1B3A991C00DDC734</key>
		<dict>
			<key>children</key>
			<array>
				<string>AAD49A7E1B3A991C00DDC734</string>
				<string>AAD49A7F1B3A991C00DDC734</string>
			</array>
			<key>isa</key>
			<string>PBXGroup</string>
			<key>name</key>
			<string>HockeySDK.embeddedframework</string>
			<key>path</key>
			<string>HockeySDK-iOS/HockeySDK.embeddedframework</string>
			<key>sourceTree</key>
			<string>&lt;group&gt;</string>
		</dict>
		<key>AAD49A7E1B3A991C00DDC734</key>
		<dict>
			<key>isa</key>
			<string>PBXFileReference</string>
			<key>lastKnownFileType</key>
			<string>wrapper.framework</string>
			<key>path</key>
			<string>HockeySDK.framework</string>
			<key>sourceTree</key>
			<string>&lt;group&gt;</string>
		</dict>
		<key>AAD49A7F1B3A991C00DDC734</key>
		<dict>
			<key>children</key>
			<array>
				<string>AAD49A801B3A991C00DDC734</string>
				<string>AAD49A811B3A991C00DDC734</string>
			</array>
			<key>isa</key>
			<string>PBXGroup</string>
			<key>path</key>
			<string>Resources</string>
			<key>sourceTree</key>
			<string>&lt;group&gt;</string>
		</dict>
		<key>AAD49A801B3A991C00DDC734</key>
		<dict>
			<key>fileEncoding</key>
			<string>4</string>
			<key>isa</key>
			<string>PBXFileReference</string>
			<key>lastKnownFileType</key>
			<string>text.xcconfig</string>
			<key>path</key>
			<string>HockeySDK.xcconfig</string>
			<key>sourceTree</key>
			<string>&lt;group&gt;</string>
		</dict>
		<key>AAD49A811B3A991C00DDC734</key>
		<dict>
			<key>isa</key>
			<string>PBXFileReference</string>
			<key>lastKnownFileType</key>
			<string>wrapper.plug-in</string>
			<key>path</key>
			<string>HockeySDKResources.bundle</string>
			<key>sourceTree</key>
			<string>&lt;group&gt;</string>
		</dict>
		<key>B858216FF13B0DA3A7FFEBB0</key>
		<dict>
			<key>includeInIndex</key>
			<string>1</string>
			<key>isa</key>
			<string>PBXFileReference</string>
			<key>lastKnownFileType</key>
			<string>text.xcconfig</string>
			<key>name</key>
			<string>Pods-CashierAppTests.adhoc.xcconfig</string>
			<key>path</key>
			<string>Pods/Target Support Files/Pods-CashierAppTests/Pods-CashierAppTests.adhoc.xcconfig</string>
			<key>sourceTree</key>
			<string>&lt;group&gt;</string>
		</dict>
		<key>BB399544EBC40ACCFD3DB676</key>
		<dict>
			<key>includeInIndex</key>
			<string>1</string>
			<key>isa</key>
			<string>PBXFileReference</string>
			<key>lastKnownFileType</key>
			<string>text.xcconfig</string>
			<key>name</key>
			<string>Pods-CashierAppTests.debug.xcconfig</string>
			<key>path</key>
			<string>Pods/Target Support Files/Pods-CashierAppTests/Pods-CashierAppTests.debug.xcconfig</string>
			<key>sourceTree</key>
			<string>&lt;group&gt;</string>
		</dict>
		<key>BCF36B146C8C2621608CB10C</key>
		<dict>
			<key>buildActionMask</key>
			<string>2147483647</string>
			<key>files</key>
			<array/>
			<key>inputPaths</key>
			<array/>
			<key>isa</key>
			<string>PBXShellScriptBuildPhase</string>
			<key>name</key>
			<string>Copy Pods Resources</string>
			<key>outputPaths</key>
			<array/>
			<key>runOnlyForDeploymentPostprocessing</key>
			<string>0</string>
			<key>shellPath</key>
			<string>/bin/sh</string>
			<key>shellScript</key>
			<string>"${SRCROOT}/Pods/Target Support Files/Pods-CashierAppTests/Pods-CashierAppTests-resources.sh"
</string>
			<key>showEnvVarsInLog</key>
			<string>0</string>
		</dict>
		<key>C4D266C38BAC297E0BE52AF1</key>
		<dict>
			<key>buildActionMask</key>
			<string>2147483647</string>
			<key>files</key>
			<array/>
			<key>inputPaths</key>
			<array/>
			<key>isa</key>
			<string>PBXShellScriptBuildPhase</string>
			<key>name</key>
			<string>Embed Pods Frameworks</string>
			<key>outputPaths</key>
			<array/>
			<key>runOnlyForDeploymentPostprocessing</key>
			<string>0</string>
			<key>shellPath</key>
			<string>/bin/sh</string>
			<key>shellScript</key>
			<string>"${SRCROOT}/Pods/Target Support Files/Pods-CashierAppTests/Pods-CashierAppTests-frameworks.sh"
</string>
			<key>showEnvVarsInLog</key>
			<string>0</string>
		</dict>
		<key>C85955427AC6E67D7E2C7ED1</key>
		<dict>
			<key>buildActionMask</key>
			<string>2147483647</string>
			<key>files</key>
			<array/>
			<key>inputPaths</key>
			<array/>
			<key>isa</key>
			<string>PBXShellScriptBuildPhase</string>
			<key>name</key>
			<string>Copy Pods Resources</string>
			<key>outputPaths</key>
			<array/>
			<key>runOnlyForDeploymentPostprocessing</key>
			<string>0</string>
			<key>shellPath</key>
			<string>/bin/sh</string>
			<key>shellScript</key>
			<string>"${SRCROOT}/Pods/Target Support Files/Pods-CashierApp/Pods-CashierApp-resources.sh"
</string>
			<key>showEnvVarsInLog</key>
			<string>0</string>
		</dict>
		<key>CB95D452357BBE97F1DC460E</key>
		<dict>
			<key>includeInIndex</key>
			<string>1</string>
			<key>isa</key>
			<string>PBXFileReference</string>
			<key>lastKnownFileType</key>
			<string>text.xcconfig</string>
			<key>name</key>
			<string>Pods-CashierApp.adhoc.xcconfig</string>
			<key>path</key>
			<string>Pods/Target Support Files/Pods-CashierApp/Pods-CashierApp.adhoc.xcconfig</string>
			<key>sourceTree</key>
			<string>&lt;group&gt;</string>
		</dict>
		<key>D64ECBCF0DDCB0E63BB2F602</key>
		<dict>
			<key>children</key>
			<array>
				<string>AA1F10711BB8128900F869C0</string>
				<string>AAD49A7D1B3A991C00DDC734</string>
				<string>AAD49A7B1B3A94F700DDC734</string>
				<string>AAD49A791B3A94F000DDC734</string>
				<string>AAD49A771B3A94E800DDC734</string>
				<string>AAD49A751B3A94E000DDC734</string>
				<string>AAD49A731B3A94D700DDC734</string>
				<string>AAD49A711B3A94CC00DDC734</string>
				<string>AAD49A6F1B3A94C100DDC734</string>
				<string>AA6390541B300FAA00782582</string>
				<string>AA3561F81B2464D800CDECB9</string>
				<string>AA3561F61B24648500CDECB9</string>
				<string>AA3561F41B24647A00CDECB9</string>
				<string>9CEC01DFD0D0AE0493C5FFBC</string>
				<string>2055D2D41A6B48E97C205698</string>
			</array>
			<key>isa</key>
			<string>PBXGroup</string>
			<key>name</key>
			<string>Frameworks</string>
			<key>sourceTree</key>
			<string>&lt;group&gt;</string>
		</dict>
		<key>DAC65AD02C3169F4D14482F7</key>
		<dict>
			<key>includeInIndex</key>
			<string>1</string>
			<key>isa</key>
			<string>PBXFileReference</string>
			<key>lastKnownFileType</key>
			<string>text.xcconfig</string>
			<key>name</key>
			<string>Pods-CashierApp.debug.xcconfig</string>
			<key>path</key>
			<string>Pods/Target Support Files/Pods-CashierApp/Pods-CashierApp.debug.xcconfig</string>
			<key>sourceTree</key>
			<string>&lt;group&gt;</string>
		</dict>
	</dict>
	<key>rootObject</key>
	<string>AA9DCD661B0738F20070022E</string>
</dict>
</plist>
